
Microsoft Visual Studio Solution File, Format Version 12.00
# Visual Studio 15
VisualStudioVersion = 15.0.27130.2036
MinimumVisualStudioVersion = 10.0.40219.1
Project("{9A19103F-16F7-4668-BE54-9A1E7A4F7556}") = "starsky", "starsky\starsky.csproj", "{E6DBDFE3-C882-4EE7-B8A4-8BC6C6D53494}"
EndProject
Project("{9A19103F-16F7-4668-BE54-9A1E7A4F7556}") = "starskysynccli", "starskysynccli\starskysynccli.csproj", "{7878CE2F-0934-4050-8D92-7E4EE8C95CC0}"
EndProject
Project("{9A19103F-16F7-4668-BE54-9A1E7A4F7556}") = "starskyimportercli", "starskyimportercli\starskyimportercli.csproj", "{55BFD7A5-ACCB-44D4-90A0-0A7BC289870E}"
EndProject
Project("{9A19103F-16F7-4668-BE54-9A1E7A4F7556}") = "starskytest", "starskytest\starskytest.csproj", "{1E2346C0-67B3-4538-8F76-B152AA65BB1B}"
EndProject
Project("{FAE04EC0-301F-11D3-BF4B-00C04F79EFBC}") = "starskywebhtmlcli", "starskywebhtmlcli\starskywebhtmlcli.csproj", "{AAD17FA3-3D15-442E-8FD1-17CE74A2F20C}"
EndProject
Project("{FAE04EC0-301F-11D3-BF4B-00C04F79EFBC}") = "starskygeocli", "starskygeocli\starskygeocli.csproj", "{EF96F7C8-4832-4606-8F5C-B1423FEE83B8}"
EndProject
Project("{FAE04EC0-301F-11D3-BF4B-00C04F79EFBC}") = "starskycore", "starskycore\starskycore.csproj", "{A90751E7-2F4D-44AA-8507-DDE5F980DBBB}"
EndProject
Project("{FAE04EC0-301F-11D3-BF4B-00C04F79EFBC}") = "starskywebftpcli", "starskywebftpcli\starskywebftpcli.csproj", "{F8CE092D-F296-4B04-B013-EE5FCD4A8B3B}"
EndProject
Project("{FAE04EC0-301F-11D3-BF4B-00C04F79EFBC}") = "starsky.foundation.geo", "starsky.foundation.geo\starsky.foundation.geo.csproj", "{386E60A4-58FA-42F6-A29B-54638D5A4EEB}"
EndProject
Project("{FAE04EC0-301F-11D3-BF4B-00C04F79EFBC}") = "starskyadmincli", "starskyadmincli\starskyadmincli.csproj", "{F797EB32-21C9-4835-BB67-EFF8F197A219}"
EndProject
Project("{FAE04EC0-301F-11D3-BF4B-00C04F79EFBC}") = "starsky.foundation.injection", "starsky.foundation.injection\starsky.foundation.injection.csproj", "{0F0C0B27-8F29-4CC5-BB91-910B9DE22FC1}"
EndProject
Project("{2150E333-8FDC-42A3-9474-1A3956D46DE8}") = "Foundation", "Foundation", "{1C1EB4A5-08D0-4014-AE1F-962642A4E5D3}"
EndProject
Project("{2150E333-8FDC-42A3-9474-1A3956D46DE8}") = "Project", "Project", "{8379CCD4-26EE-4881-888E-B56B6EDC852C}"
EndProject
Project("{2150E333-8FDC-42A3-9474-1A3956D46DE8}") = "CommandLineInterface", "CommandLineInterface", "{B974FC20-C3EE-4EB0-AF25-F0D8DA2C28D7}"
EndProject
Global
	GlobalSection(SolutionConfigurationPlatforms) = preSolution
		Debug|Any CPU = Debug|Any CPU
		Release|Any CPU = Release|Any CPU
	EndGlobalSection
	GlobalSection(ProjectConfigurationPlatforms) = postSolution
		{E6DBDFE3-C882-4EE7-B8A4-8BC6C6D53494}.Debug|Any CPU.ActiveCfg = Debug|Any CPU
		{E6DBDFE3-C882-4EE7-B8A4-8BC6C6D53494}.Debug|Any CPU.Build.0 = Debug|Any CPU
		{E6DBDFE3-C882-4EE7-B8A4-8BC6C6D53494}.Release|Any CPU.ActiveCfg = Release|Any CPU
		{E6DBDFE3-C882-4EE7-B8A4-8BC6C6D53494}.Release|Any CPU.Build.0 = Release|Any CPU
		{7878CE2F-0934-4050-8D92-7E4EE8C95CC0}.Debug|Any CPU.ActiveCfg = Debug|Any CPU
		{7878CE2F-0934-4050-8D92-7E4EE8C95CC0}.Debug|Any CPU.Build.0 = Debug|Any CPU
		{7878CE2F-0934-4050-8D92-7E4EE8C95CC0}.Release|Any CPU.ActiveCfg = Release|Any CPU
		{7878CE2F-0934-4050-8D92-7E4EE8C95CC0}.Release|Any CPU.Build.0 = Release|Any CPU
		{55BFD7A5-ACCB-44D4-90A0-0A7BC289870E}.Debug|Any CPU.ActiveCfg = Debug|Any CPU
		{55BFD7A5-ACCB-44D4-90A0-0A7BC289870E}.Debug|Any CPU.Build.0 = Debug|Any CPU
		{55BFD7A5-ACCB-44D4-90A0-0A7BC289870E}.Release|Any CPU.ActiveCfg = Release|Any CPU
		{55BFD7A5-ACCB-44D4-90A0-0A7BC289870E}.Release|Any CPU.Build.0 = Release|Any CPU
		{1E2346C0-67B3-4538-8F76-B152AA65BB1B}.Debug|Any CPU.ActiveCfg = Debug|Any CPU
		{1E2346C0-67B3-4538-8F76-B152AA65BB1B}.Debug|Any CPU.Build.0 = Debug|Any CPU
		{1E2346C0-67B3-4538-8F76-B152AA65BB1B}.Release|Any CPU.ActiveCfg = Release|Any CPU
		{1E2346C0-67B3-4538-8F76-B152AA65BB1B}.Release|Any CPU.Build.0 = Release|Any CPU
		{AAD17FA3-3D15-442E-8FD1-17CE74A2F20C}.Debug|Any CPU.ActiveCfg = Debug|Any CPU
		{AAD17FA3-3D15-442E-8FD1-17CE74A2F20C}.Debug|Any CPU.Build.0 = Debug|Any CPU
		{AAD17FA3-3D15-442E-8FD1-17CE74A2F20C}.Release|Any CPU.ActiveCfg = Release|Any CPU
		{AAD17FA3-3D15-442E-8FD1-17CE74A2F20C}.Release|Any CPU.Build.0 = Release|Any CPU
		{EF96F7C8-4832-4606-8F5C-B1423FEE83B8}.Debug|Any CPU.ActiveCfg = Debug|Any CPU
		{EF96F7C8-4832-4606-8F5C-B1423FEE83B8}.Debug|Any CPU.Build.0 = Debug|Any CPU
		{EF96F7C8-4832-4606-8F5C-B1423FEE83B8}.Release|Any CPU.ActiveCfg = Release|Any CPU
		{EF96F7C8-4832-4606-8F5C-B1423FEE83B8}.Release|Any CPU.Build.0 = Release|Any CPU
		{A90751E7-2F4D-44AA-8507-DDE5F980DBBB}.Debug|Any CPU.ActiveCfg = Debug|Any CPU
		{A90751E7-2F4D-44AA-8507-DDE5F980DBBB}.Debug|Any CPU.Build.0 = Debug|Any CPU
		{A90751E7-2F4D-44AA-8507-DDE5F980DBBB}.Release|Any CPU.ActiveCfg = Release|Any CPU
		{A90751E7-2F4D-44AA-8507-DDE5F980DBBB}.Release|Any CPU.Build.0 = Release|Any CPU
		{F8CE092D-F296-4B04-B013-EE5FCD4A8B3B}.Debug|Any CPU.ActiveCfg = Debug|Any CPU
		{F8CE092D-F296-4B04-B013-EE5FCD4A8B3B}.Debug|Any CPU.Build.0 = Debug|Any CPU
		{F8CE092D-F296-4B04-B013-EE5FCD4A8B3B}.Release|Any CPU.ActiveCfg = Release|Any CPU
		{F8CE092D-F296-4B04-B013-EE5FCD4A8B3B}.Release|Any CPU.Build.0 = Release|Any CPU
		{386E60A4-58FA-42F6-A29B-54638D5A4EEB}.Debug|Any CPU.ActiveCfg = Debug|Any CPU
		{386E60A4-58FA-42F6-A29B-54638D5A4EEB}.Debug|Any CPU.Build.0 = Debug|Any CPU
		{386E60A4-58FA-42F6-A29B-54638D5A4EEB}.Release|Any CPU.ActiveCfg = Release|Any CPU
		{386E60A4-58FA-42F6-A29B-54638D5A4EEB}.Release|Any CPU.Build.0 = Release|Any CPU
		{F797EB32-21C9-4835-BB67-EFF8F197A219}.Debug|Any CPU.ActiveCfg = Debug|Any CPU
		{F797EB32-21C9-4835-BB67-EFF8F197A219}.Debug|Any CPU.Build.0 = Debug|Any CPU
		{F797EB32-21C9-4835-BB67-EFF8F197A219}.Release|Any CPU.ActiveCfg = Release|Any CPU
		{F797EB32-21C9-4835-BB67-EFF8F197A219}.Release|Any CPU.Build.0 = Release|Any CPU
		{0ED1A8D6-BF81-4949-89D4-AFAB7424E6C3}.Debug|Any CPU.ActiveCfg = Debug|Any CPU
		{0ED1A8D6-BF81-4949-89D4-AFAB7424E6C3}.Debug|Any CPU.Build.0 = Debug|Any CPU
		{0ED1A8D6-BF81-4949-89D4-AFAB7424E6C3}.Release|Any CPU.ActiveCfg = Release|Any CPU
		{0ED1A8D6-BF81-4949-89D4-AFAB7424E6C3}.Release|Any CPU.Build.0 = Release|Any CPU
		{0F0C0B27-8F29-4CC5-BB91-910B9DE22FC1}.Debug|Any CPU.ActiveCfg = Debug|Any CPU
		{0F0C0B27-8F29-4CC5-BB91-910B9DE22FC1}.Debug|Any CPU.Build.0 = Debug|Any CPU
		{0F0C0B27-8F29-4CC5-BB91-910B9DE22FC1}.Release|Any CPU.ActiveCfg = Release|Any CPU
		{0F0C0B27-8F29-4CC5-BB91-910B9DE22FC1}.Release|Any CPU.Build.0 = Release|Any CPU
	EndGlobalSection
	GlobalSection(SolutionProperties) = preSolution
		HideSolutionNode = FALSE
	EndGlobalSection
	GlobalSection(ExtensibilityGlobals) = postSolution
		SolutionGuid = {75A40B61-D361-4368-BEFF-8AE4D94F2C42}
	EndGlobalSection
	GlobalSection(NestedProjects) = preSolution
		{0F0C0B27-8F29-4CC5-BB91-910B9DE22FC1} = {1C1EB4A5-08D0-4014-AE1F-962642A4E5D3}
		{E6DBDFE3-C882-4EE7-B8A4-8BC6C6D53494} = {8379CCD4-26EE-4881-888E-B56B6EDC852C}
		{F797EB32-21C9-4835-BB67-EFF8F197A219} = {B974FC20-C3EE-4EB0-AF25-F0D8DA2C28D7}
		{7878CE2F-0934-4050-8D92-7E4EE8C95CC0} = {B974FC20-C3EE-4EB0-AF25-F0D8DA2C28D7}
		{55BFD7A5-ACCB-44D4-90A0-0A7BC289870E} = {B974FC20-C3EE-4EB0-AF25-F0D8DA2C28D7}
		{EF96F7C8-4832-4606-8F5C-B1423FEE83B8} = {B974FC20-C3EE-4EB0-AF25-F0D8DA2C28D7}
		{F8CE092D-F296-4B04-B013-EE5FCD4A8B3B} = {B974FC20-C3EE-4EB0-AF25-F0D8DA2C28D7}
		{AAD17FA3-3D15-442E-8FD1-17CE74A2F20C} = {B974FC20-C3EE-4EB0-AF25-F0D8DA2C28D7}
		{386E60A4-58FA-42F6-A29B-54638D5A4EEB} = {1C1EB4A5-08D0-4014-AE1F-962642A4E5D3}
		{A90751E7-2F4D-44AA-8507-DDE5F980DBBB} = {8379CCD4-26EE-4881-888E-B56B6EDC852C}
	EndGlobalSection
EndGlobal
