{
  "version": 1,
  "dependencies": {
    ".NETCoreApp,Version=v3.1": {
      "AspNetCore.HealthChecks.MySql": {
        "type": "Direct",
        "requested": "[3.1.1, )",
        "resolved": "3.1.1",
        "contentHash": "pm9KABf0LgVfm+zAeMn16JwdwFme2HTtE/whfUP0ZkbMfZDUal6CwUfSCFVG6WBG8ZyLDQ5/ciJdmpnkLeVJ2g==",
        "dependencies": {
          "Microsoft.Extensions.Diagnostics.HealthChecks": "3.1.3",
          "MySqlConnector": "0.56.0"
        }
      },
      "AspNetCore.HealthChecks.Sqlite": {
        "type": "Direct",
        "requested": "[3.1.1, )",
        "resolved": "3.1.1",
        "contentHash": "KDHQ7CVBpFkwzo+dZYv7vvADrTEtlfMhI+GmRrYli6IPT6NxihDzGjHxXJD8AZFdbYWu6KVG5ro828GQ3mBaxw==",
        "dependencies": {
          "Microsoft.Data.Sqlite": "3.1.3",
          "Microsoft.Extensions.Diagnostics.HealthChecks": "3.1.3"
        }
      },
      "Microsoft.Extensions.Diagnostics.HealthChecks": {
        "type": "Direct",
        "requested": "[3.1.9, )",
        "resolved": "3.1.9",
        "contentHash": "O+lPMoaweXfT1B2J0qBhVIcPDYOYGXGbk8ycOPI+taHGIeSLBD0PXj5jTI5MkaDwh/PsFKrk3CjvkyM3tdcdJg==",
        "dependencies": {
          "Microsoft.Extensions.Diagnostics.HealthChecks.Abstractions": "3.1.9",
          "Microsoft.Extensions.Hosting.Abstractions": "3.1.9",
          "Microsoft.Extensions.Options": "3.1.9"
        }
      },
      "Microsoft.Extensions.Diagnostics.HealthChecks.Abstractions": {
        "type": "Direct",
        "requested": "[3.1.9, )",
        "resolved": "3.1.9",
        "contentHash": "RhzV3bjp4qKQdDbjWuokJOecCcHMprwUAiKvKPdrXGkuMtLSCMswnKLdlHzL4hDoL7x6L81nVaTeRG4SzvK8vQ=="
      },
      "Microsoft.Extensions.Diagnostics.HealthChecks.EntityFrameworkCore": {
        "type": "Direct",
        "requested": "[3.1.9, )",
        "resolved": "3.1.9",
        "contentHash": "mzbMEboihq3EwIROfoB4BuPXvf99sD1NCuAHpuTp1Y1kM9aF3XsbXpLQB1kDMriSAq6tnm+qFgFfwgdyYxrsVw==",
        "dependencies": {
          "Microsoft.EntityFrameworkCore.Relational": "3.1.9",
          "Microsoft.Extensions.Diagnostics.HealthChecks": "3.1.9",
          "Microsoft.Extensions.Diagnostics.HealthChecks.Abstractions": "3.1.9"
        }
      },
      "Microsoft.ApplicationInsights": {
        "type": "Transitive",
        "resolved": "2.15.0",
        "contentHash": "tG9WZoFc0BTbkj+UjH4IUp8qkT9NA5st8zvPzlHbU8rJDgPFqZDJ3SSAQajl42jet1ghhJ5ZixsjjqVvwi4kaQ==",
        "dependencies": {
          "System.Diagnostics.DiagnosticSource": "4.6.0",
          "System.Memory": "4.5.4"
        }
      },
      "Microsoft.AspNetCore.Cryptography.Internal": {
        "type": "Transitive",
        "resolved": "3.1.9",
        "contentHash": "TvfFzxrDQpl0v38bnBckI7rCyrDx0h1lKTX3e39dXrE75xY+DKfdFdQEc76oyXCNR3psfvP11qVGVivvnj6aZQ=="
      },
      "Microsoft.AspNetCore.Cryptography.KeyDerivation": {
        "type": "Transitive",
        "resolved": "3.1.9",
        "contentHash": "69kmJP/fB06Mad3LXgmIwSTg/KLjZC6rBt1c5l2x+q7KrFT/Y+tdS3SyiysNJYS+3nluUazBiaOuffwIf8sdWg==",
        "dependencies": {
          "Microsoft.AspNetCore.Cryptography.Internal": "3.1.9"
        }
      },
      "Microsoft.AspNetCore.Http": {
        "type": "Transitive",
        "resolved": "2.2.2",
        "contentHash": "BAibpoItxI5puk7YJbIGj95arZueM8B8M5xT1fXBn3hb3L2G3ucrZcYXv1gXdaroLbntUs8qeV8iuBrpjQsrKw==",
        "dependencies": {
          "Microsoft.AspNetCore.Http.Abstractions": "2.2.0",
          "Microsoft.AspNetCore.WebUtilities": "2.2.0",
          "Microsoft.Extensions.ObjectPool": "2.2.0",
          "Microsoft.Extensions.Options": "2.2.0",
          "Microsoft.Net.Http.Headers": "2.2.0"
        }
      },
      "Microsoft.AspNetCore.Http.Abstractions": {
        "type": "Transitive",
        "resolved": "2.2.0",
        "contentHash": "Nxs7Z1q3f1STfLYKJSVXCs1iBl+Ya6E8o4Oy1bCxJ/rNI44E/0f6tbsrVqAWfB7jlnJfyaAtIalBVxPKUPQb4Q==",
        "dependencies": {
          "Microsoft.AspNetCore.Http.Features": "2.2.0",
          "System.Text.Encodings.Web": "4.5.0"
        }
      },
      "Microsoft.AspNetCore.Http.Features": {
        "type": "Transitive",
        "resolved": "2.2.0",
        "contentHash": "ziFz5zH8f33En4dX81LW84I6XrYXKf9jg6aM39cM+LffN9KJahViKZ61dGMSO2gd3e+qe5yBRwsesvyqlZaSMg==",
        "dependencies": {
          "Microsoft.Extensions.Primitives": "2.2.0"
        }
      },
      "Microsoft.AspNetCore.WebUtilities": {
        "type": "Transitive",
        "resolved": "2.2.0",
        "contentHash": "9ErxAAKaDzxXASB/b5uLEkLgUWv1QbeVxyJYEHQwMaxXOeFFVkQxiq8RyfVcifLU7NR0QY0p3acqx4ZpYfhHDg==",
        "dependencies": {
          "Microsoft.Net.Http.Headers": "2.2.0",
          "System.Text.Encodings.Web": "4.5.0"
        }
      },
      "Microsoft.Bcl.AsyncInterfaces": {
        "type": "Transitive",
        "resolved": "1.1.1",
        "contentHash": "yuvf07qFWFqtK3P/MRkEKLhn5r2UbSpVueRziSqj0yJQIKFwG1pq9mOayK3zE5qZCTs0CbrwL9M6R8VwqyGy2w=="
      },
      "Microsoft.Bcl.HashCode": {
        "type": "Transitive",
        "resolved": "1.1.0",
        "contentHash": "J2G1k+u5unBV+aYcwxo94ip16Rkp65pgWFb0R6zwJipzWNMgvqlWeuI7/+R+e8bob66LnSG+llLJ+z8wI94cHg=="
      },
      "Microsoft.CSharp": {
        "type": "Transitive",
        "resolved": "4.7.0",
        "contentHash": "pTj+D3uJWyN3My70i2Hqo+OXixq3Os2D1nJ2x92FFo6sk8fYS1m1WLNTs0Dc1uPaViH0YvEEwvzddQ7y4rhXmA=="
      },
      "Microsoft.Data.Sqlite": {
        "type": "Transitive",
        "resolved": "3.1.3",
        "contentHash": "RCdQYl6vYXwXLZ7cNveGqMiTbUk6wDi0lrDk7QN4HxGOXCGGbwG9vcjFD3Y6JBe0242Kdo6KrqPSb5WuOY8Ptg==",
        "dependencies": {
          "Microsoft.Data.Sqlite.Core": "3.1.3",
          "SQLitePCLRaw.bundle_e_sqlite3": "2.0.2"
        }
      },
      "Microsoft.Data.Sqlite.Core": {
        "type": "Transitive",
        "resolved": "3.1.9",
        "contentHash": "+u4PeT1npi2EzhxGc5r1Z2z73zuXw+TlKVZm44WQhNCUw4LtUVDaxGSpUhrjW+X4snBCBfr4kT/uJyKnL4R4og==",
        "dependencies": {
          "SQLitePCLRaw.core": "2.0.2"
        }
      },
      "Microsoft.DotNet.PlatformAbstractions": {
        "type": "Transitive",
        "resolved": "3.1.6",
        "contentHash": "jek4XYaQ/PGUwDKKhwR8K47Uh1189PFzMeLqO83mXrXQVIpARZCcfuDedH50YDTepBkfijCZN5U/vZi++erxtg=="
      },
      "Microsoft.EntityFrameworkCore": {
        "type": "Transitive",
        "resolved": "3.1.9",
        "contentHash": "u3A2W0BvAuAF2jgW+WX+C+Sh8sMGX5Kl1hdA0gu6A/XSrZQoW/BUP4a/q2n3iitDGndaorqjAKx+Spb9gBto+w==",
        "dependencies": {
          "Microsoft.Bcl.AsyncInterfaces": "1.1.1",
          "Microsoft.Bcl.HashCode": "1.1.0",
          "Microsoft.EntityFrameworkCore.Abstractions": "3.1.9",
          "Microsoft.EntityFrameworkCore.Analyzers": "3.1.9",
          "Microsoft.Extensions.Caching.Memory": "3.1.9",
          "Microsoft.Extensions.DependencyInjection": "3.1.9",
          "Microsoft.Extensions.Logging": "3.1.9",
          "System.Collections.Immutable": "1.7.1",
          "System.ComponentModel.Annotations": "4.7.0",
          "System.Diagnostics.DiagnosticSource": "4.7.1"
        }
      },
      "Microsoft.EntityFrameworkCore.Abstractions": {
        "type": "Transitive",
        "resolved": "3.1.9",
        "contentHash": "IR6Y4RJVlw0QXdWXjF3Kx9s1QLiicJus+BFBKr43lBtriV20j3yrWMoaZ9W1AUUgnicZXpXVcNfklqtmwb9Sxw=="
      },
      "Microsoft.EntityFrameworkCore.Analyzers": {
        "type": "Transitive",
        "resolved": "3.1.9",
        "contentHash": "eXGyx/Lb1fiiKtnIStdxGrfBSSQg8oZytE10f1T/2xAx12W9dKB9U9fg05cwNCDC0S2CXILsmZHYaGqCSXVAqQ=="
      },
      "Microsoft.EntityFrameworkCore.Design": {
        "type": "Transitive",
        "resolved": "3.1.9",
        "contentHash": "2zgP7BWcw5nqGQiT4bEtiI6ras+4pvKg5D+tA3AYvjEifzzaWvmRTb3B9nRHpIYJAhPtmWNBVnVXLbu3fS1OYA==",
        "dependencies": {
          "Microsoft.CSharp": "4.7.0",
          "Microsoft.EntityFrameworkCore.Relational": "3.1.9"
        }
      },
      "Microsoft.EntityFrameworkCore.InMemory": {
        "type": "Transitive",
        "resolved": "3.1.9",
        "contentHash": "dtdrFPh1ASFpQYMF7t0he5bmioz9LspL4vDBPk+yCyNke7bI0LV1IvUpqI0bykW1BtGwRZcgx52YOFV1k9FVeQ==",
        "dependencies": {
          "Microsoft.EntityFrameworkCore": "3.1.9"
        }
      },
      "Microsoft.EntityFrameworkCore.Relational": {
        "type": "Transitive",
        "resolved": "3.1.9",
        "contentHash": "7fhWuSfrCYlv/hvOX5OhbFJF/G9f8sifqTrJiYnAYLDOvNizwv7t9tFPD8JwaF3zM2S54O5/Vni2NxvwzSaW2w==",
        "dependencies": {
          "Microsoft.EntityFrameworkCore": "3.1.9"
        }
      },
      "Microsoft.EntityFrameworkCore.Sqlite": {
        "type": "Transitive",
        "resolved": "3.1.9",
        "contentHash": "sMFCWv/1UcsFQZeGQcbfPbEZKZ1oKZqWZXTbc7PEZVMIXu82nbavstdNQ84x5IBXJkxl8iW3zjChb/FRBr5uLQ==",
        "dependencies": {
          "Microsoft.EntityFrameworkCore.Sqlite.Core": "3.1.9",
          "SQLitePCLRaw.bundle_e_sqlite3": "2.0.2"
        }
      },
      "Microsoft.EntityFrameworkCore.Sqlite.Core": {
        "type": "Transitive",
        "resolved": "3.1.9",
        "contentHash": "Da6h8LdpJwKc1az9DMWt2Mt6gHXPRZqwiumV1Zx0AuM3EThyokVDzBGy2sti0AcBhcQMLJHPEr5R9xuiWvaYYQ==",
        "dependencies": {
          "Microsoft.Data.Sqlite.Core": "3.1.9",
          "Microsoft.DotNet.PlatformAbstractions": "3.1.6",
          "Microsoft.EntityFrameworkCore.Relational": "3.1.9",
          "Microsoft.Extensions.DependencyModel": "3.1.6"
        }
      },
      "Microsoft.Extensions.Caching.Abstractions": {
        "type": "Transitive",
        "resolved": "3.1.9",
        "contentHash": "/2QsPAsUZD4qvftZkUKHRRRryPDXWh606/iNXPLrulwHLMr9JNsKBJWVqylT3qU92nJok5VoqSblkY9mSyxFyg==",
        "dependencies": {
          "Microsoft.Extensions.Primitives": "3.1.9"
        }
      },
      "Microsoft.Extensions.Caching.Memory": {
        "type": "Transitive",
        "resolved": "3.1.9",
        "contentHash": "/JrVMVetX/kpJQUIlJ6NLQ3zbF0yyryXpo4+uFCqYIUZzgmWk8DS/zSKcyj1tQ3410+vhDEAPngxC+hg0IlJeg==",
        "dependencies": {
          "Microsoft.Extensions.Caching.Abstractions": "3.1.9",
          "Microsoft.Extensions.DependencyInjection.Abstractions": "3.1.9",
          "Microsoft.Extensions.Logging.Abstractions": "3.1.9",
          "Microsoft.Extensions.Options": "3.1.9"
        }
      },
      "Microsoft.Extensions.Configuration": {
        "type": "Transitive",
        "resolved": "3.1.9",
        "contentHash": "lqdkOGNeTMKG981Q7yWGlRiFbIlsRwTlMMiybT+WOzUCFBS/wc25tZgh7Wm/uRoBbWefgvokzmnea7ZjmFedmA==",
        "dependencies": {
          "Microsoft.Extensions.Configuration.Abstractions": "3.1.9"
        }
      },
      "Microsoft.Extensions.Configuration.Abstractions": {
        "type": "Transitive",
        "resolved": "3.1.9",
        "contentHash": "vOJxPKczaHpXeZFrxARxYwsEulhEouXc5aZGgMdkhV/iEXX9/pfjqKk76rTG+4CsJjHV+G/4eMhvOIaQMHENNA==",
        "dependencies": {
          "Microsoft.Extensions.Primitives": "3.1.9"
        }
      },
      "Microsoft.Extensions.Configuration.Binder": {
        "type": "Transitive",
        "resolved": "3.1.9",
        "contentHash": "BG6HcT7tARYakftqfQu+cLksgIWG1NdxMY+igI12hdZrUK+WjS973NiRyuao/U9yyTeM9NPwRnC61hCmG3G3jg==",
        "dependencies": {
          "Microsoft.Extensions.Configuration": "3.1.9"
        }
      },
      "Microsoft.Extensions.Configuration.EnvironmentVariables": {
        "type": "Transitive",
        "resolved": "3.1.9",
        "contentHash": "ZAtRZsyWGhdCM/PPr74hDfFLDmQgmA7B7iut0mDVBj3IgLtYD5V23vYOZd5FEXEAemQRXxJ0ZVTncZHPBa6ZiA==",
        "dependencies": {
          "Microsoft.Extensions.Configuration": "3.1.9"
        }
      },
      "Microsoft.Extensions.Configuration.FileExtensions": {
        "type": "Transitive",
        "resolved": "3.1.9",
        "contentHash": "OC07LdaPMEeKYt1a4DJAzjKXUmP5K2MS4Sg0FvLrJF+9yd3YNTWSDrb1MpBuZ3564cbJJfyldICkSwCwWQ8lIw==",
        "dependencies": {
          "Microsoft.Extensions.Configuration": "3.1.9",
          "Microsoft.Extensions.FileProviders.Physical": "3.1.9"
        }
      },
      "Microsoft.Extensions.Configuration.Json": {
        "type": "Transitive",
        "resolved": "3.1.9",
        "contentHash": "v1epO1J3qIqxwusz0gifp7hO+J2F/tBZOQAR9I1pLFDrX6NjQaYbZy4RGAU554Ntc0+lYAi0FA8CNMrQcTegYw==",
        "dependencies": {
          "Microsoft.Extensions.Configuration": "3.1.9",
          "Microsoft.Extensions.Configuration.FileExtensions": "3.1.9"
        }
      },
      "Microsoft.Extensions.DependencyInjection": {
        "type": "Transitive",
        "resolved": "3.1.9",
        "contentHash": "ORqfrAACcvTInie1oGola5uky344/PiNfgayTPuZWV4WnSfIQZJQm/ZLpGshJE3h7TqwYaYElGazK/yaM2bFLA==",
        "dependencies": {
          "Microsoft.Extensions.DependencyInjection.Abstractions": "3.1.9"
        }
      },
      "Microsoft.Extensions.DependencyInjection.Abstractions": {
        "type": "Transitive",
        "resolved": "3.1.9",
        "contentHash": "8PkcaPwiTPOhqshoY4+rQUbz86X6YpLDLUqXOezh7L2A3pgpBmeBBByYIffofBlvQxDdQ0zB2DkWjbZWyCxRWg=="
      },
      "Microsoft.Extensions.DependencyModel": {
        "type": "Transitive",
        "resolved": "3.1.6",
        "contentHash": "/UlDKULIVkLQYn1BaHcy/rc91ApDxJb7T75HcCbGdqwvxhnRQRKM2di1E70iCPMF9zsr6f4EgQTotBGxFIfXmw==",
        "dependencies": {
          "System.Text.Json": "4.7.2"
        }
      },
      "Microsoft.Extensions.FileProviders.Abstractions": {
        "type": "Transitive",
        "resolved": "3.1.9",
        "contentHash": "Q4SGwEFZKiZbpzPgdGbQUULxtcH1zXMOwCPKSm6QwVcOCGshf3QLfBh+O/GyFH4B0RfZ16nKyeW1mMONlRyjUw==",
        "dependencies": {
          "Microsoft.Extensions.Primitives": "3.1.9"
        }
      },
      "Microsoft.Extensions.FileProviders.Physical": {
        "type": "Transitive",
        "resolved": "3.1.9",
        "contentHash": "HWDSsblTCQp7EEJJmnLzttIhFGzDu+DGqBbOvGCdFT0+pkCuBkn3EiWpEEcm5WMTO5njmsbLSK9ZuUUf2zPsFg==",
        "dependencies": {
          "Microsoft.Extensions.FileProviders.Abstractions": "3.1.9",
          "Microsoft.Extensions.FileSystemGlobbing": "3.1.9"
        }
      },
      "Microsoft.Extensions.FileSystemGlobbing": {
        "type": "Transitive",
        "resolved": "3.1.9",
        "contentHash": "5bnewG1aBiSESPNwcXGIxDDRN95uqdy+fqZZ8Z63Et5rRNlAwAfXHOrg+FTht7UjHobjvtjzquMCbAWhWEPHIw=="
      },
      "Microsoft.Extensions.Hosting.Abstractions": {
        "type": "Transitive",
        "resolved": "3.1.9",
        "contentHash": "CwYEhXkeE4SXyaZ+PuH2WqsBBL/q1EKtRd3mJLm4UOHNzmrb/Gc3zQ6o38eRY9JgrAq3AJX1EBe7jw+vpjoCbA==",
        "dependencies": {
          "Microsoft.Extensions.Configuration.Abstractions": "3.1.9",
          "Microsoft.Extensions.DependencyInjection.Abstractions": "3.1.9",
          "Microsoft.Extensions.FileProviders.Abstractions": "3.1.9",
          "Microsoft.Extensions.Logging.Abstractions": "3.1.9"
        }
      },
      "Microsoft.Extensions.Identity.Core": {
        "type": "Transitive",
        "resolved": "3.1.9",
        "contentHash": "jF0oRHH0rWBO7vCD9lpJlljMkNOaJ3TNOrS6YgrOAQgLWLuUowZ1OLq7LtSpOCr2TSZ9Lutqy+o6aw3mjvyWQQ==",
        "dependencies": {
          "Microsoft.AspNetCore.Cryptography.KeyDerivation": "3.1.9",
          "Microsoft.Extensions.Logging": "3.1.9",
          "Microsoft.Extensions.Options": "3.1.9"
        }
      },
      "Microsoft.Extensions.Identity.Stores": {
        "type": "Transitive",
        "resolved": "3.1.9",
        "contentHash": "smOWxqy0HzHMQ+zz1TSvziBdcwwNIZ/Q+EmmxafCjP8zmnn3uQ1+Q82FJUP2HgrZ8qViN8ynjcG6rowXHEuzlg==",
        "dependencies": {
          "Microsoft.Extensions.Caching.Abstractions": "3.1.9",
          "Microsoft.Extensions.Identity.Core": "3.1.9",
          "Microsoft.Extensions.Logging": "3.1.9"
        }
      },
      "Microsoft.Extensions.Logging": {
        "type": "Transitive",
        "resolved": "3.1.9",
        "contentHash": "+V3i0jCQCO6IIOf6e+fL0SqrZd2x/Krug9EEL1JHa9R03RsbEpltCtjVY5hxedyuyuQKwvLoR12sCfu/9XEUAw==",
        "dependencies": {
          "Microsoft.Extensions.Configuration.Binder": "3.1.9",
          "Microsoft.Extensions.DependencyInjection": "3.1.9",
          "Microsoft.Extensions.Logging.Abstractions": "3.1.9",
          "Microsoft.Extensions.Options": "3.1.9"
        }
      },
      "Microsoft.Extensions.Logging.Abstractions": {
        "type": "Transitive",
        "resolved": "3.1.9",
        "contentHash": "W5fbF8qVR9SMVVJqDQLIR7meWbev6Pu/lbrm7LDNr4Sp7HOotr4k2UULTdFSXOi5aoDdkQZpWnq0ZSpjrR3tjg=="
      },
      "Microsoft.Extensions.ObjectPool": {
        "type": "Transitive",
        "resolved": "2.2.0",
        "contentHash": "gA8H7uQOnM5gb+L0uTNjViHYr+hRDqCdfugheGo/MxQnuHzmhhzCBTIPm19qL1z1Xe0NEMabfcOBGv9QghlZ8g=="
      },
      "Microsoft.Extensions.Options": {
        "type": "Transitive",
        "resolved": "3.1.9",
        "contentHash": "EIb3G1DL+Rl9MvJR7LjI1wCy2nfTN4y8MflbOftn1HLYQBj/Rwl8kUbGTrSFE01c99Wm4ETjWVsjqKcpFvhPng==",
        "dependencies": {
          "Microsoft.Extensions.DependencyInjection.Abstractions": "3.1.9",
          "Microsoft.Extensions.Primitives": "3.1.9"
        }
      },
      "Microsoft.Extensions.Primitives": {
        "type": "Transitive",
        "resolved": "3.1.9",
        "contentHash": "IrHecH0eGG7/XoeEtv++oLg/sJHRNyeCqlA9RhAo6ig4GpOTjtDr32sBMYuuLtUq8ALahneWkrOzoBAwJ4L4iA=="
      },
      "Microsoft.Net.Http.Headers": {
        "type": "Transitive",
        "resolved": "2.2.8",
        "contentHash": "wHdwMv0QDDG2NWDSwax9cjkeQceGC1Qq53a31+31XpvTXVljKXRjWISlMoS/wZYKiqdqzuEvKFKwGHl+mt2jCA==",
        "dependencies": {
          "Microsoft.Extensions.Primitives": "2.2.0",
          "System.Buffers": "4.5.0"
        }
      },
      "MySqlConnector": {
        "type": "Transitive",
        "resolved": "0.69.9",
        "contentHash": "WpY4jWc5ee5kgKy3XAK9JMjRmn7+jLYCgDlYvFK+GTrzaiWDWoYLbtJge6l1tqo2teUAP3kzzsJpP8QwJM1W4Q=="
      },
      "Newtonsoft.Json": {
        "type": "Transitive",
        "resolved": "12.0.3",
        "contentHash": "6mgjfnRB4jKMlzHSl+VD+oUc1IebOZabkbyWj2RiTgWwYPPuaK1H97G1sHqGwPlS5npiF5Q0OrxN1wni2n5QWg=="
      },
      "Pomelo.EntityFrameworkCore.MySql": {
        "type": "Transitive",
        "resolved": "3.2.4",
        "contentHash": "6UOPWyL2qIsRCnN880YXA6rACpqVV6GE+H3vR4KJytjigWKFp+aiRDwJRSorwZ9ntHu+RDBcXGjmaShj0mBmYA==",
        "dependencies": {
          "Microsoft.EntityFrameworkCore.Relational": "[3.1.8, 5.0.0)",
          "MySqlConnector": "[0.69.9, 1.0.0)",
          "Pomelo.JsonObject": "2.2.1"
        }
      },
      "Pomelo.JsonObject": {
        "type": "Transitive",
        "resolved": "2.2.1",
        "contentHash": "VHPk3Yf7nDt+tZMC1M4oAoc3bgTYsOrap3VTjn//vd91b/nfquAbAeq1k0Lf7mPt8J7imLd9Pbzm50uB5euuZA==",
        "dependencies": {
          "Microsoft.CSharp": "4.5.0",
          "Newtonsoft.Json": "11.0.2"
        }
      },
      "SQLitePCLRaw.bundle_e_sqlite3": {
        "type": "Transitive",
        "resolved": "2.0.2",
        "contentHash": "OVPI/nh5AqfLCIKhAYqjCa6AHhc7oKApGcGM3UhMRSerFiBx58nSpGwxVFdMgjOCWZR+fA49nzsnKlWp5hFo8w==",
        "dependencies": {
          "SQLitePCLRaw.core": "2.0.2",
          "SQLitePCLRaw.lib.e_sqlite3": "2.0.2",
          "SQLitePCLRaw.provider.dynamic_cdecl": "2.0.2"
        }
      },
      "SQLitePCLRaw.core": {
        "type": "Transitive",
        "resolved": "2.0.2",
        "contentHash": "TFSBX426OelS1tkaVC254NVVlrJIe9YLhWPkEvuqJj2104QpmDmEYOhfdfDJD1E/2SmqDhoRw1ek5cQHj8olcQ==",
        "dependencies": {
          "System.Memory": "4.5.3"
        }
      },
      "SQLitePCLRaw.lib.e_sqlite3": {
        "type": "Transitive",
        "resolved": "2.0.2",
        "contentHash": "S+Tsqe/M7wsc+9HeediI6UHtBKf2X586aRwhi1aBVLGe0WxkAo52O9ZxwEy/v8XMLefcrEMupd2e9CDlIT6QCw=="
      },
      "SQLitePCLRaw.provider.dynamic_cdecl": {
        "type": "Transitive",
        "resolved": "2.0.2",
        "contentHash": "ZSwacbKJUsxJEZxwT23uZVrGbaIvXcADZDz5Sr66fikO5eehdcceDncjzwzTzWfW13di8gpTpstx3WJSt/Ci5Q==",
        "dependencies": {
          "SQLitePCLRaw.core": "2.0.2"
        }
      },
      "System.Buffers": {
        "type": "Transitive",
        "resolved": "4.5.1",
        "contentHash": "Rw7ijyl1qqRS0YQD/WycNst8hUUMgrMH4FCn1nNm27M4VxchZ1js3fVjQaANHO5f3sN4isvP4a+Met9Y4YomAg=="
      },
      "System.Collections.Immutable": {
        "type": "Transitive",
        "resolved": "1.7.1",
        "contentHash": "B43Zsz5EfMwyEbnObwRxW5u85fzJma3lrDeGcSAV1qkhSRTNY5uXAByTn9h9ddNdhM+4/YoLc/CI43umjwIl9Q=="
      },
      "System.ComponentModel.Annotations": {
        "type": "Transitive",
        "resolved": "4.7.0",
        "contentHash": "0YFqjhp/mYkDGpU0Ye1GjE53HMp9UVfGN7seGpAMttAC0C40v5gw598jCgpbBLMmCo0E5YRLBv5Z2doypO49ZQ=="
      },
      "System.Diagnostics.DiagnosticSource": {
        "type": "Transitive",
        "resolved": "4.7.1",
        "contentHash": "j81Lovt90PDAq8kLpaJfJKV/rWdWuEk6jfV+MBkee33vzYLEUsy4gXK8laa9V2nZlLM9VM9yA/OOQxxPEJKAMw=="
      },
      "System.Memory": {
        "type": "Transitive",
        "resolved": "4.5.4",
        "contentHash": "1MbJTHS1lZ4bS4FmsJjnuGJOu88ZzTT2rLvrhW7Ygic+pC0NWA+3hgAen0HRdsocuQXCkUTdFn9yHJJhsijDXw=="
      },
      "System.Text.Encodings.Web": {
        "type": "Transitive",
        "resolved": "4.5.0",
        "contentHash": "Xg4G4Indi4dqP1iuAiMSwpiWS54ZghzR644OtsRCm/m/lBMG8dUBhLVN7hLm8NNrNTR+iGbshCPTwrvxZPlm4g=="
      },
      "System.Text.Json": {
        "type": "Transitive",
        "resolved": "4.7.2",
        "contentHash": "TcMd95wcrubm9nHvJEQs70rC0H/8omiSGGpU4FQ/ZA1URIqD4pjmFJh2Mfv1yH1eHgJDWTi2hMDXwTET+zOOyg=="
      },
      "System.Threading.Tasks.Dataflow": {
        "type": "Transitive",
        "resolved": "4.11.1",
        "contentHash": "umDBSKTQMoYAbts6w49N33ctAjHhcfJkcva8xoDog01st35N+Ly/w+TB2vUcghxSw5vUYkpaCl/PI7tVw3R0Jw=="
      },
      "TimeZoneConverter": {
        "type": "Transitive",
        "resolved": "3.3.0",
        "contentHash": "OeXMqNZ1Xt/9ehELN2khz8vT8wckg8VVa6Rx+XeYTdEIMaKETlSXkCzj4TuCGQ0L2SgXdpjGSh1XwZVusZE2Yw=="
      },
      "starsky.foundation.database": {
        "type": "Project",
        "dependencies": {
          "Microsoft.EntityFrameworkCore": "3.1.9",
          "Microsoft.EntityFrameworkCore.Analyzers": "3.1.9",
          "Microsoft.EntityFrameworkCore.Design": "3.1.9",
          "Microsoft.EntityFrameworkCore.InMemory": "3.1.9",
          "Microsoft.EntityFrameworkCore.Relational": "3.1.9",
          "Microsoft.EntityFrameworkCore.Sqlite": "3.1.9",
          "Microsoft.Extensions.Identity.Stores": "3.1.9",
          "Newtonsoft.Json": "12.0.3",
          "Pomelo.EntityFrameworkCore.MySql": "3.2.4",
          "System.ComponentModel.Annotations": "4.7.0",
          "starsky.foundation.injection": "0.4.0",
          "starsky.foundation.platform": "0.4.0"
        }
      },
      "starsky.foundation.http": {
        "type": "Project",
        "dependencies": {
          "Microsoft.AspNetCore.Http": "2.2.2",
          "Microsoft.Net.Http.Headers": "2.2.8",
          "starsky.foundation.injection": "0.4.0",
          "starsky.foundation.storage": "0.4.0"
        }
      },
      "starsky.foundation.injection": {
        "type": "Project",
        "dependencies": {
          "Microsoft.Extensions.DependencyInjection": "3.1.9",
          "Microsoft.Extensions.DependencyInjection.Abstractions": "3.1.9"
        }
      },
      "starsky.foundation.platform": {
        "type": "Project",
        "dependencies": {
          "Microsoft.ApplicationInsights": "2.15.0",
          "Microsoft.AspNetCore.Http.Abstractions": "2.2.0",
          "Microsoft.CSharp": "4.7.0",
          "Microsoft.Extensions.Configuration": "3.1.9",
          "Microsoft.Extensions.Configuration.Binder": "3.1.9",
          "Microsoft.Extensions.Configuration.EnvironmentVariables": "3.1.9",
          "Microsoft.Extensions.Configuration.Json": "3.1.9",
          "Microsoft.Extensions.DependencyInjection.Abstractions": "3.1.9",
          "Newtonsoft.Json": "12.0.3",
          "System.Buffers": "4.5.1",
          "System.ComponentModel.Annotations": "4.7.0",
          "System.Threading.Tasks.Dataflow": "4.11.1",
          "TimeZoneConverter": "3.3.0",
          "starsky.foundation.injection": "0.4.0"
        }
      },
      "starsky.foundation.storage": {
        "type": "Project",
        "dependencies": {
          "System.Buffers": "4.5.1",
          "starsky.foundation.injection": "0.4.0",
          "starsky.foundation.platform": "0.4.0"
        }
      }
    }
  }
}