{
  "version": 1,
  "dependencies": {
    ".NETStandard,Version=v2.0": {
      "Microsoft.AspNetCore.Http": {
        "type": "Direct",
        "requested": "[2.2.2, )",
        "resolved": "2.2.2",
        "contentHash": "BAibpoItxI5puk7YJbIGj95arZueM8B8M5xT1fXBn3hb3L2G3ucrZcYXv1gXdaroLbntUs8qeV8iuBrpjQsrKw==",
        "dependencies": {
          "Microsoft.AspNetCore.Http.Abstractions": "2.2.0",
          "Microsoft.AspNetCore.WebUtilities": "2.2.0",
          "Microsoft.Extensions.ObjectPool": "2.2.0",
          "Microsoft.Extensions.Options": "2.2.0",
          "Microsoft.Net.Http.Headers": "2.2.0"
        }
      },
      "Microsoft.Net.Http.Headers": {
        "type": "Direct",
        "requested": "[2.2.8, )",
        "resolved": "2.2.8",
        "contentHash": "wHdwMv0QDDG2NWDSwax9cjkeQceGC1Qq53a31+31XpvTXVljKXRjWISlMoS/wZYKiqdqzuEvKFKwGHl+mt2jCA==",
        "dependencies": {
          "Microsoft.Extensions.Primitives": "2.2.0",
          "System.Buffers": "4.5.0"
        }
      },
      "NETStandard.Library": {
        "type": "Direct",
        "requested": "[2.0.3, )",
        "resolved": "2.0.3",
        "contentHash": "st47PosZSHrjECdjeIzZQbzivYBJFv6P2nv4cj2ypdI204DO+vZ7l5raGMiX4eXMJ53RfOIg+/s4DHVZ54Nu2A==",
        "dependencies": {
          "Microsoft.NETCore.Platforms": "1.1.0"
        }
      },
      "Microsoft.ApplicationInsights": {
        "type": "Transitive",
        "resolved": "2.15.0",
        "contentHash": "tG9WZoFc0BTbkj+UjH4IUp8qkT9NA5st8zvPzlHbU8rJDgPFqZDJ3SSAQajl42jet1ghhJ5ZixsjjqVvwi4kaQ==",
        "dependencies": {
          "System.Diagnostics.DiagnosticSource": "4.6.0",
          "System.Memory": "4.5.4"
        }
      },
      "Microsoft.AspNetCore.Http.Abstractions": {
        "type": "Transitive",
        "resolved": "2.2.0",
        "contentHash": "Nxs7Z1q3f1STfLYKJSVXCs1iBl+Ya6E8o4Oy1bCxJ/rNI44E/0f6tbsrVqAWfB7jlnJfyaAtIalBVxPKUPQb4Q==",
        "dependencies": {
          "Microsoft.AspNetCore.Http.Features": "2.2.0",
          "System.Text.Encodings.Web": "4.5.0"
        }
      },
      "Microsoft.AspNetCore.Http.Features": {
        "type": "Transitive",
        "resolved": "2.2.0",
        "contentHash": "ziFz5zH8f33En4dX81LW84I6XrYXKf9jg6aM39cM+LffN9KJahViKZ61dGMSO2gd3e+qe5yBRwsesvyqlZaSMg==",
        "dependencies": {
          "Microsoft.Extensions.Primitives": "2.2.0"
        }
      },
      "Microsoft.AspNetCore.WebUtilities": {
        "type": "Transitive",
        "resolved": "2.2.0",
        "contentHash": "9ErxAAKaDzxXASB/b5uLEkLgUWv1QbeVxyJYEHQwMaxXOeFFVkQxiq8RyfVcifLU7NR0QY0p3acqx4ZpYfhHDg==",
        "dependencies": {
          "Microsoft.Net.Http.Headers": "2.2.0",
          "System.Text.Encodings.Web": "4.5.0"
        }
      },
      "Microsoft.Bcl.AsyncInterfaces": {
        "type": "Transitive",
        "resolved": "1.1.1",
        "contentHash": "yuvf07qFWFqtK3P/MRkEKLhn5r2UbSpVueRziSqj0yJQIKFwG1pq9mOayK3zE5qZCTs0CbrwL9M6R8VwqyGy2w==",
        "dependencies": {
          "System.Threading.Tasks.Extensions": "4.5.4"
        }
      },
      "Microsoft.CSharp": {
        "type": "Transitive",
        "resolved": "4.7.0",
        "contentHash": "pTj+D3uJWyN3My70i2Hqo+OXixq3Os2D1nJ2x92FFo6sk8fYS1m1WLNTs0Dc1uPaViH0YvEEwvzddQ7y4rhXmA=="
      },
      "Microsoft.Extensions.Configuration": {
        "type": "Transitive",
        "resolved": "3.1.9",
        "contentHash": "lqdkOGNeTMKG981Q7yWGlRiFbIlsRwTlMMiybT+WOzUCFBS/wc25tZgh7Wm/uRoBbWefgvokzmnea7ZjmFedmA==",
        "dependencies": {
          "Microsoft.Extensions.Configuration.Abstractions": "3.1.9"
        }
      },
      "Microsoft.Extensions.Configuration.Abstractions": {
        "type": "Transitive",
        "resolved": "3.1.9",
        "contentHash": "vOJxPKczaHpXeZFrxARxYwsEulhEouXc5aZGgMdkhV/iEXX9/pfjqKk76rTG+4CsJjHV+G/4eMhvOIaQMHENNA==",
        "dependencies": {
          "Microsoft.Extensions.Primitives": "3.1.9"
        }
      },
      "Microsoft.Extensions.Configuration.Binder": {
        "type": "Transitive",
        "resolved": "3.1.9",
        "contentHash": "BG6HcT7tARYakftqfQu+cLksgIWG1NdxMY+igI12hdZrUK+WjS973NiRyuao/U9yyTeM9NPwRnC61hCmG3G3jg==",
        "dependencies": {
          "Microsoft.Extensions.Configuration": "3.1.9"
        }
      },
      "Microsoft.Extensions.Configuration.EnvironmentVariables": {
        "type": "Transitive",
        "resolved": "3.1.9",
        "contentHash": "ZAtRZsyWGhdCM/PPr74hDfFLDmQgmA7B7iut0mDVBj3IgLtYD5V23vYOZd5FEXEAemQRXxJ0ZVTncZHPBa6ZiA==",
        "dependencies": {
          "Microsoft.Extensions.Configuration": "3.1.9"
        }
      },
      "Microsoft.Extensions.Configuration.FileExtensions": {
        "type": "Transitive",
        "resolved": "3.1.9",
        "contentHash": "OC07LdaPMEeKYt1a4DJAzjKXUmP5K2MS4Sg0FvLrJF+9yd3YNTWSDrb1MpBuZ3564cbJJfyldICkSwCwWQ8lIw==",
        "dependencies": {
          "Microsoft.Extensions.Configuration": "3.1.9",
          "Microsoft.Extensions.FileProviders.Physical": "3.1.9"
        }
      },
      "Microsoft.Extensions.Configuration.Json": {
        "type": "Transitive",
        "resolved": "3.1.9",
        "contentHash": "v1epO1J3qIqxwusz0gifp7hO+J2F/tBZOQAR9I1pLFDrX6NjQaYbZy4RGAU554Ntc0+lYAi0FA8CNMrQcTegYw==",
        "dependencies": {
          "Microsoft.Extensions.Configuration": "3.1.9",
          "Microsoft.Extensions.Configuration.FileExtensions": "3.1.9",
          "System.Text.Json": "4.7.2",
          "System.Threading.Tasks.Extensions": "4.5.4"
        }
      },
      "Microsoft.Extensions.DependencyInjection": {
        "type": "Transitive",
        "resolved": "3.1.9",
        "contentHash": "ORqfrAACcvTInie1oGola5uky344/PiNfgayTPuZWV4WnSfIQZJQm/ZLpGshJE3h7TqwYaYElGazK/yaM2bFLA==",
        "dependencies": {
          "Microsoft.Bcl.AsyncInterfaces": "1.1.1",
          "Microsoft.Extensions.DependencyInjection.Abstractions": "3.1.9"
        }
      },
      "Microsoft.Extensions.DependencyInjection.Abstractions": {
        "type": "Transitive",
        "resolved": "3.1.9",
        "contentHash": "8PkcaPwiTPOhqshoY4+rQUbz86X6YpLDLUqXOezh7L2A3pgpBmeBBByYIffofBlvQxDdQ0zB2DkWjbZWyCxRWg=="
      },
      "Microsoft.Extensions.FileProviders.Abstractions": {
        "type": "Transitive",
        "resolved": "3.1.9",
        "contentHash": "Q4SGwEFZKiZbpzPgdGbQUULxtcH1zXMOwCPKSm6QwVcOCGshf3QLfBh+O/GyFH4B0RfZ16nKyeW1mMONlRyjUw==",
        "dependencies": {
          "Microsoft.Extensions.Primitives": "3.1.9"
        }
      },
      "Microsoft.Extensions.FileProviders.Physical": {
        "type": "Transitive",
        "resolved": "3.1.9",
        "contentHash": "HWDSsblTCQp7EEJJmnLzttIhFGzDu+DGqBbOvGCdFT0+pkCuBkn3EiWpEEcm5WMTO5njmsbLSK9ZuUUf2zPsFg==",
        "dependencies": {
          "Microsoft.Extensions.FileProviders.Abstractions": "3.1.9",
          "Microsoft.Extensions.FileSystemGlobbing": "3.1.9"
        }
      },
      "Microsoft.Extensions.FileSystemGlobbing": {
        "type": "Transitive",
        "resolved": "3.1.9",
        "contentHash": "5bnewG1aBiSESPNwcXGIxDDRN95uqdy+fqZZ8Z63Et5rRNlAwAfXHOrg+FTht7UjHobjvtjzquMCbAWhWEPHIw=="
      },
      "Microsoft.Extensions.ObjectPool": {
        "type": "Transitive",
        "resolved": "2.2.0",
        "contentHash": "gA8H7uQOnM5gb+L0uTNjViHYr+hRDqCdfugheGo/MxQnuHzmhhzCBTIPm19qL1z1Xe0NEMabfcOBGv9QghlZ8g=="
      },
      "Microsoft.Extensions.Options": {
        "type": "Transitive",
        "resolved": "2.2.0",
        "contentHash": "UpZLNLBpIZ0GTebShui7xXYh6DmBHjWM8NxGxZbdQh/bPZ5e6YswqI+bru6BnEL5eWiOdodsXtEz3FROcgi/qg==",
        "dependencies": {
          "Microsoft.Extensions.DependencyInjection.Abstractions": "2.2.0",
          "Microsoft.Extensions.Primitives": "2.2.0",
          "System.ComponentModel.Annotations": "4.5.0"
        }
      },
      "Microsoft.Extensions.Primitives": {
        "type": "Transitive",
        "resolved": "3.1.9",
        "contentHash": "IrHecH0eGG7/XoeEtv++oLg/sJHRNyeCqlA9RhAo6ig4GpOTjtDr32sBMYuuLtUq8ALahneWkrOzoBAwJ4L4iA==",
        "dependencies": {
          "System.Memory": "4.5.2",
          "System.Runtime.CompilerServices.Unsafe": "4.7.1"
        }
      },
      "Microsoft.NETCore.Platforms": {
        "type": "Transitive",
        "resolved": "1.1.0",
        "contentHash": "kz0PEW2lhqygehI/d6XsPCQzD7ff7gUJaVGPVETX611eadGsA3A877GdSlU0LRVMCTH/+P3o2iDTak+S08V2+A=="
      },
      "Newtonsoft.Json": {
        "type": "Transitive",
        "resolved": "12.0.3",
        "contentHash": "6mgjfnRB4jKMlzHSl+VD+oUc1IebOZabkbyWj2RiTgWwYPPuaK1H97G1sHqGwPlS5npiF5Q0OrxN1wni2n5QWg=="
      },
      "System.Buffers": {
        "type": "Transitive",
        "resolved": "4.5.1",
        "contentHash": "Rw7ijyl1qqRS0YQD/WycNst8hUUMgrMH4FCn1nNm27M4VxchZ1js3fVjQaANHO5f3sN4isvP4a+Met9Y4YomAg=="
      },
      "System.ComponentModel.Annotations": {
        "type": "Transitive",
        "resolved": "4.7.0",
        "contentHash": "0YFqjhp/mYkDGpU0Ye1GjE53HMp9UVfGN7seGpAMttAC0C40v5gw598jCgpbBLMmCo0E5YRLBv5Z2doypO49ZQ=="
      },
      "System.Diagnostics.DiagnosticSource": {
        "type": "Transitive",
        "resolved": "4.6.0",
        "contentHash": "mbBgoR0rRfl2uimsZ2avZY8g7Xnh1Mza0rJZLPcxqiMWlkGukjmRkuMJ/er+AhQuiRIh80CR/Hpeztr80seV5g==",
        "dependencies": {
          "System.Memory": "4.5.3"
        }
      },
      "System.Memory": {
        "type": "Transitive",
        "resolved": "4.5.4",
        "contentHash": "1MbJTHS1lZ4bS4FmsJjnuGJOu88ZzTT2rLvrhW7Ygic+pC0NWA+3hgAen0HRdsocuQXCkUTdFn9yHJJhsijDXw==",
        "dependencies": {
          "System.Buffers": "4.5.1",
          "System.Numerics.Vectors": "4.4.0",
          "System.Runtime.CompilerServices.Unsafe": "4.5.3"
        }
      },
      "System.Numerics.Vectors": {
        "type": "Transitive",
        "resolved": "4.5.0",
        "contentHash": "QQTlPTl06J/iiDbJCiepZ4H//BVraReU4O4EoRw1U02H5TLUIT7xn3GnDp9AXPSlJUDyFs4uWjWafNX6WrAojQ=="
      },
      "System.Runtime.CompilerServices.Unsafe": {
        "type": "Transitive",
        "resolved": "4.7.1",
        "contentHash": "zOHkQmzPCn5zm/BH+cxC1XbUS3P4Yoi3xzW7eRgVpDR2tPGSzyMZ17Ig1iRkfJuY0nhxkQQde8pgePNiA7z7TQ=="
      },
      "System.Text.Encodings.Web": {
        "type": "Transitive",
        "resolved": "4.7.1",
        "contentHash": "3qreYFQcLnyFk1LuaNWyyWE+sfkfe5eSTaIIssYrLNUIDbgyZNQBYQSzSDo4AprpjVeVX2T4KHKii9fiSZVUow==",
        "dependencies": {
          "System.Memory": "4.5.4"
        }
      },
      "System.Text.Json": {
        "type": "Transitive",
        "resolved": "4.7.2",
        "contentHash": "TcMd95wcrubm9nHvJEQs70rC0H/8omiSGGpU4FQ/ZA1URIqD4pjmFJh2Mfv1yH1eHgJDWTi2hMDXwTET+zOOyg==",
        "dependencies": {
          "Microsoft.Bcl.AsyncInterfaces": "1.1.0",
          "System.Buffers": "4.5.1",
          "System.Memory": "4.5.4",
          "System.Numerics.Vectors": "4.5.0",
          "System.Runtime.CompilerServices.Unsafe": "4.7.1",
          "System.Text.Encodings.Web": "4.7.1",
          "System.Threading.Tasks.Extensions": "4.5.4"
        }
      },
      "System.Threading.Tasks.Dataflow": {
        "type": "Transitive",
        "resolved": "4.11.1",
        "contentHash": "umDBSKTQMoYAbts6w49N33ctAjHhcfJkcva8xoDog01st35N+Ly/w+TB2vUcghxSw5vUYkpaCl/PI7tVw3R0Jw=="
      },
      "System.Threading.Tasks.Extensions": {
        "type": "Transitive",
        "resolved": "4.5.4",
        "contentHash": "zteT+G8xuGu6mS+mzDzYXbzS7rd3K6Fjb9RiZlYlJPam2/hU7JCBZBVEcywNuR+oZ1ncTvc/cq0faRr3P01OVg==",
        "dependencies": {
          "System.Runtime.CompilerServices.Unsafe": "4.5.3"
        }
      },
      "TimeZoneConverter": {
        "type": "Transitive",
        "resolved": "3.3.0",
        "contentHash": "OeXMqNZ1Xt/9ehELN2khz8vT8wckg8VVa6Rx+XeYTdEIMaKETlSXkCzj4TuCGQ0L2SgXdpjGSh1XwZVusZE2Yw=="
      },
      "starsky.foundation.injection": {
        "type": "Project",
        "dependencies": {
          "Microsoft.Extensions.DependencyInjection": "3.1.9",
          "Microsoft.Extensions.DependencyInjection.Abstractions": "3.1.9"
        }
      },
      "starsky.foundation.platform": {
        "type": "Project",
        "dependencies": {
          "Microsoft.ApplicationInsights": "2.15.0",
          "Microsoft.AspNetCore.Http.Abstractions": "2.2.0",
          "Microsoft.CSharp": "4.7.0",
          "Microsoft.Extensions.Configuration": "3.1.9",
          "Microsoft.Extensions.Configuration.Binder": "3.1.9",
          "Microsoft.Extensions.Configuration.EnvironmentVariables": "3.1.9",
          "Microsoft.Extensions.Configuration.Json": "3.1.9",
          "Microsoft.Extensions.DependencyInjection.Abstractions": "3.1.9",
          "Newtonsoft.Json": "12.0.3",
          "System.Buffers": "4.5.1",
          "System.ComponentModel.Annotations": "4.7.0",
          "System.Threading.Tasks.Dataflow": "4.11.1",
          "TimeZoneConverter": "3.3.0",
          "starsky.foundation.injection": "0.4.0"
        }
      },
      "starsky.foundation.storage": {
        "type": "Project",
        "dependencies": {
          "System.Buffers": "4.5.1",
          "starsky.foundation.injection": "0.4.0",
          "starsky.foundation.platform": "0.4.0"
        }
      }
    }
  }
}