// !$*UTF8*$!
{
	archiveVersion = 1;
	classes = {
	};
	objectVersion = 77;
	objects = {

/* Begin PBXContainerItemProxy section */
		BCFE6C462F11ADF7005DFE64 /* PBXContainerItemProxy */ = {
			isa = PBXContainerItemProxy;
			containerPortal = BCFE6C302F11ADF6005DFE64 /* Project object */;
			proxyType = 1;
			remoteGlobalIDString = BCFE6C372F11ADF6005DFE64;
			remoteInfo = starskydesktop;
		};
		BCFE6C502F11ADF7005DFE64 /* PBXContainerItemProxy */ = {
			isa = PBXContainerItemProxy;
			containerPortal = BCFE6C302F11ADF6005DFE64 /* Project object */;
			proxyType = 1;
			remoteGlobalIDString = BCFE6C372F11ADF6005DFE64;
			remoteInfo = starskydesktop;
		};
/* End PBXContainerItemProxy section */

/* Begin PBXFileReference section */
		BCFE6C382F11ADF6005DFE64 /* starskydesktop.app */ = {isa = PBXFileReference; explicitFileType = wrapper.application; includeInIndex = 0; path = starskydesktop.app; sourceTree = BUILT_PRODUCTS_DIR; };
		BCFE6C452F11ADF7005DFE64 /* starskydesktopTests.xctest */ = {isa = PBXFileReference; explicitFileType = wrapper.cfbundle; includeInIndex = 0; path = starskydesktopTests.xctest; sourceTree = BUILT_PRODUCTS_DIR; };
		BCFE6C4F2F11ADF7005DFE64 /* starskydesktopUITests.xctest */ = {isa = PBXFileReference; explicitFileType = wrapper.cfbundle; includeInIndex = 0; path = starskydesktopUITests.xctest; sourceTree = BUILT_PRODUCTS_DIR; };
		BCFE76D82F11AE81005DFE64 /* resources */ = {isa = PBXFileReference; lastKnownFileType = folder; path = resources; sourceTree = "<group>"; };
		BCFE76DA2F11AE9F005DFE64 /* starsky */ = {isa = PBXFileReference; lastKnownFileType = "compiled.mach-o.executable"; name = starsky; path = "resources/osx-arm64/starsky"; sourceTree = "<group>"; };
		BCFE76DC2F11AF0E005DFE64 /* starsky.xml */ = {isa = PBXFileReference; lastKnownFileType = text.xml; name = starsky.xml; path = "resources/osx-arm64/starsky.xml"; sourceTree = "<group>"; };
/* End PBXFileReference section */

/* Begin PBXFileSystemSynchronizedRootGroup section */
		BCFE6C3A2F11ADF6005DFE64 /* starskydesktop */ = {
			isa = PBXFileSystemSynchronizedRootGroup;
			path = starskydesktop;
			sourceTree = "<group>";
		};
		BCFE6C482F11ADF7005DFE64 /* starskydesktopTests */ = {
			isa = PBXFileSystemSynchronizedRootGroup;
			path = starskydesktopTests;
			sourceTree = "<group>";
		};
		BCFE6C522F11ADF7005DFE64 /* starskydesktopUITests */ = {
			isa = PBXFileSystemSynchronizedRootGroup;
			path = starskydesktopUITests;
			sourceTree = "<group>";
		};
/* End PBXFileSystemSynchronizedRootGroup section */

/* Begin PBXFrameworksBuildPhase section */
		BCFE6C352F11ADF6005DFE64 /* Frameworks */ = {
			isa = PBXFrameworksBuildPhase;
			buildActionMask = 2147483647;
			files = (
			);
			runOnlyForDeploymentPostprocessing = 0;
		};
		BCFE6C422F11ADF7005DFE64 /* Frameworks */ = {
			isa = PBXFrameworksBuildPhase;
			buildActionMask = 2147483647;
			files = (
			);
			runOnlyForDeploymentPostprocessing = 0;
		};
		BCFE6C4C2F11ADF7005DFE64 /* Frameworks */ = {
			isa = PBXFrameworksBuildPhase;
			buildActionMask = 2147483647;
			files = (
			);
			runOnlyForDeploymentPostprocessing = 0;
		};
/* End PBXFrameworksBuildPhase section */

/* Begin PBXGroup section */
		BCFE6C2F2F11ADF6005DFE64 = {
			isa = PBXGroup;
			children = (
				BCFE76DC2F11AF0E005DFE64 /* starsky.xml */,
				BCFE76DA2F11AE9F005DFE64 /* starsky */,
				BCFE76D82F11AE81005DFE64 /* resources */,
				BCFE6C3A2F11ADF6005DFE64 /* starskydesktop */,
				BCFE6C482F11ADF7005DFE64 /* starskydesktopTests */,
				BCFE6C522F11ADF7005DFE64 /* starskydesktopUITests */,
				BCFE6C392F11ADF6005DFE64 /* Products */,
			);
			sourceTree = "<group>";
		};
		BCFE6C392F11ADF6005DFE64 /* Products */ = {
			isa = PBXGroup;
			children = (
				BCFE6C382F11ADF6005DFE64 /* starskydesktop.app */,
				BCFE6C452F11ADF7005DFE64 /* starskydesktopTests.xctest */,
				BCFE6C4F2F11ADF7005DFE64 /* starskydesktopUITests.xctest */,
			);
			name = Products;
			sourceTree = "<group>";
		};
/* End PBXGroup section */

/* Begin PBXNativeTarget section */
		BCFE6C372F11ADF6005DFE64 /* starskydesktop */ = {
			isa = PBXNativeTarget;
			buildConfigurationList = BCFE6C592F11ADF7005DFE64 /* Build configuration list for PBXNativeTarget "starskydesktop" */;
			buildPhases = (
				BCFE6C342F11ADF6005DFE64 /* Sources */,
				BCFE6C352F11ADF6005DFE64 /* Frameworks */,
				BCFE6C362F11ADF6005DFE64 /* Resources */,
				BCFE76DE2F11AF48005DFE64 /* ShellScript */,
			);
			buildRules = (
			);
			dependencies = (
			);
			fileSystemSynchronizedGroups = (
				BCFE6C3A2F11ADF6005DFE64 /* starskydesktop */,
			);
			name = starskydesktop;
			packageProductDependencies = (
			);
			productName = starskydesktop;
			productReference = BCFE6C382F11ADF6005DFE64 /* starskydesktop.app */;
			productType = "com.apple.product-type.application";
		};
		BCFE6C442F11ADF7005DFE64 /* starskydesktopTests */ = {
			isa = PBXNativeTarget;
			buildConfigurationList = BCFE6C5C2F11ADF7005DFE64 /* Build configuration list for PBXNativeTarget "starskydesktopTests" */;
			buildPhases = (
				BCFE6C412F11ADF7005DFE64 /* Sources */,
				BCFE6C422F11ADF7005DFE64 /* Frameworks */,
				BCFE6C432F11ADF7005DFE64 /* Resources */,
			);
			buildRules = (
			);
			dependencies = (
				BCFE6C472F11ADF7005DFE64 /* PBXTargetDependency */,
			);
			fileSystemSynchronizedGroups = (
				BCFE6C482F11ADF7005DFE64 /* starskydesktopTests */,
			);
			name = starskydesktopTests;
			packageProductDependencies = (
			);
			productName = starskydesktopTests;
			productReference = BCFE6C452F11ADF7005DFE64 /* starskydesktopTests.xctest */;
			productType = "com.apple.product-type.bundle.unit-test";
		};
		BCFE6C4E2F11ADF7005DFE64 /* starskydesktopUITests */ = {
			isa = PBXNativeTarget;
			buildConfigurationList = BCFE6C5F2F11ADF7005DFE64 /* Build configuration list for PBXNativeTarget "starskydesktopUITests" */;
			buildPhases = (
				BCFE6C4B2F11ADF7005DFE64 /* Sources */,
				BCFE6C4C2F11ADF7005DFE64 /* Frameworks */,
				BCFE6C4D2F11ADF7005DFE64 /* Resources */,
			);
			buildRules = (
			);
			dependencies = (
				BCFE6C512F11ADF7005DFE64 /* PBXTargetDependency */,
			);
			fileSystemSynchronizedGroups = (
				BCFE6C522F11ADF7005DFE64 /* starskydesktopUITests */,
			);
			name = starskydesktopUITests;
			packageProductDependencies = (
			);
			productName = starskydesktopUITests;
			productReference = BCFE6C4F2F11ADF7005DFE64 /* starskydesktopUITests.xctest */;
			productType = "com.apple.product-type.bundle.ui-testing";
		};
/* End PBXNativeTarget section */

/* Begin PBXProject section */
		BCFE6C302F11ADF6005DFE64 /* Project object */ = {
			isa = PBXProject;
			attributes = {
				BuildIndependentTargetsInParallel = 1;
				LastSwiftUpdateCheck = 2620;
				LastUpgradeCheck = 2620;
				TargetAttributes = {
					BCFE6C372F11ADF6005DFE64 = {
						CreatedOnToolsVersion = 26.2;
					};
					BCFE6C442F11ADF7005DFE64 = {
						CreatedOnToolsVersion = 26.2;
						TestTargetID = BCFE6C372F11ADF6005DFE64;
					};
					BCFE6C4E2F11ADF7005DFE64 = {
						CreatedOnToolsVersion = 26.2;
						TestTargetID = BCFE6C372F11ADF6005DFE64;
					};
				};
			};
			buildConfigurationList = BCFE6C332F11ADF6005DFE64 /* Build configuration list for PBXProject "starskydesktop" */;
			developmentRegion = en;
			hasScannedForEncodings = 0;
			knownRegions = (
				en,
				Base,
			);
			mainGroup = BCFE6C2F2F11ADF6005DFE64;
			minimizedProjectReferenceProxies = 1;
			preferredProjectObjectVersion = 77;
			productRefGroup = BCFE6C392F11ADF6005DFE64 /* Products */;
			projectDirPath = "";
			projectRoot = "";
			targets = (
				BCFE6C372F11ADF6005DFE64 /* starskydesktop */,
				BCFE6C442F11ADF7005DFE64 /* starskydesktopTests */,
				BCFE6C4E2F11ADF7005DFE64 /* starskydesktopUITests */,
			);
		};
/* End PBXProject section */

/* Begin PBXResourcesBuildPhase section */
		BCFE6C362F11ADF6005DFE64 /* Resources */ = {
			isa = PBXResourcesBuildPhase;
			buildActionMask = 2147483647;
			files = (
			);
			runOnlyForDeploymentPostprocessing = 0;
		};
		BCFE6C432F11ADF7005DFE64 /* Resources */ = {
			isa = PBXResourcesBuildPhase;
			buildActionMask = 2147483647;
			files = (
			);
			runOnlyForDeploymentPostprocessing = 0;
		};
		BCFE6C4D2F11ADF7005DFE64 /* Resources */ = {
			isa = PBXResourcesBuildPhase;
			buildActionMask = 2147483647;
			files = (
			);
			runOnlyForDeploymentPostprocessing = 0;
		};
/* End PBXResourcesBuildPhase section */

/* Begin PBXShellScriptBuildPhase section */
		BCFE76DE2F11AF48005DFE64 /* ShellScript */ = {
			isa = PBXShellScriptBuildPhase;
			buildActionMask = 2147483647;
			files = (
			);
			inputFileListPaths = (
			);
			inputPaths = (
			);
			outputFileListPaths = (
			);
			outputPaths = (
			);
			runOnlyForDeploymentPostprocessing = 0;
			shellPath = /bin/sh;
			shellScript = "set -e\n\necho $PROJECT_DIR\n\nls $PROJECT_DIR\n";
		};
/* End PBXShellScriptBuildPhase section */

/* Begin PBXSourcesBuildPhase section */
		BCFE6C342F11ADF6005DFE64 /* Sources */ = {
			isa = PBXSourcesBuildPhase;
			buildActionMask = 2147483647;
			files = (
			);
			runOnlyForDeploymentPostprocessing = 0;
		};
		BCFE6C412F11ADF7005DFE64 /* Sources */ = {
			isa = PBXSourcesBuildPhase;
			buildActionMask = 2147483647;
			files = (
			);
			runOnlyForDeploymentPostprocessing = 0;
		};
		BCFE6C4B2F11ADF7005DFE64 /* Sources */ = {
			isa = PBXSourcesBuildPhase;
			buildActionMask = 2147483647;
			files = (
			);
			runOnlyForDeploymentPostprocessing = 0;
		};
/* End PBXSourcesBuildPhase section */

/* Begin PBXTargetDependency section */
		BCFE6C472F11ADF7005DFE64 /* PBXTargetDependency */ = {
			isa = PBXTargetDependency;
			target = BCFE6C372F11ADF6005DFE64 /* starskydesktop */;
			targetProxy = BCFE6C462F11ADF7005DFE64 /* PBXContainerItemProxy */;
		};
		BCFE6C512F11ADF7005DFE64 /* PBXTargetDependency */ = {
			isa = PBXTargetDependency;
			target = BCFE6C372F11ADF6005DFE64 /* starskydesktop */;
			targetProxy = BCFE6C502F11ADF7005DFE64 /* PBXContainerItemProxy */;
		};
/* End PBXTargetDependency section */

/* Begin XCBuildConfiguration section */
		BCFE6C572F11ADF7005DFE64 /* Debug */ = {
			isa = XCBuildConfiguration;
			buildSettings = {
				ALWAYS_SEARCH_USER_PATHS = NO;
				ASSETCATALOG_COMPILER_GENERATE_SWIFT_ASSET_SYMBOL_EXTENSIONS = YES;
				CLANG_ANALYZER_NONNULL = YES;
				CLANG_ANALYZER_NUMBER_OBJECT_CONVERSION = YES_AGGRESSIVE;
				CLANG_CXX_LANGUAGE_STANDARD = "gnu++20";
				CLANG_ENABLE_MODULES = YES;
				CLANG_ENABLE_OBJC_ARC = YES;
				CLANG_ENABLE_OBJC_WEAK = YES;
				CLANG_WARN_BLOCK_CAPTURE_AUTORELEASING = YES;
				CLANG_WARN_BOOL_CONVERSION = YES;
				CLANG_WARN_COMMA = YES;
				CLANG_WARN_CONSTANT_CONVERSION = YES;
				CLANG_WARN_DEPRECATED_OBJC_IMPLEMENTATIONS = YES;
				CLANG_WARN_DIRECT_OBJC_ISA_USAGE = YES_ERROR;
				CLANG_WARN_DOCUMENTATION_COMMENTS = YES;
				CLANG_WARN_EMPTY_BODY = YES;
				CLANG_WARN_ENUM_CONVERSION = YES;
				CLANG_WARN_INFINITE_RECURSION = YES;
				CLANG_WARN_INT_CONVERSION = YES;
				CLANG_WARN_NON_LITERAL_NULL_CONVERSION = YES;
				CLANG_WARN_OBJC_IMPLICIT_RETAIN_SELF = YES;
				CLANG_WARN_OBJC_LITERAL_CONVERSION = YES;
				CLANG_WARN_OBJC_ROOT_CLASS = YES_ERROR;
				CLANG_WARN_QUOTED_INCLUDE_IN_FRAMEWORK_HEADER = YES;
				CLANG_WARN_RANGE_LOOP_ANALYSIS = YES;
				CLANG_WARN_STRICT_PROTOTYPES = YES;
				CLANG_WARN_SUSPICIOUS_MOVE = YES;
				CLANG_WARN_UNGUARDED_AVAILABILITY = YES_AGGRESSIVE;
				CLANG_WARN_UNREACHABLE_CODE = YES;
				CLANG_WARN__DUPLICATE_METHOD_MATCH = YES;
				COPY_PHASE_STRIP = NO;
				DEBUG_INFORMATION_FORMAT = dwarf;
				DEVELOPMENT_TEAM = LHZ4426ABB;
				ENABLE_STRICT_OBJC_MSGSEND = YES;
				ENABLE_TESTABILITY = YES;
				ENABLE_USER_SCRIPT_SANDBOXING = YES;
				GCC_C_LANGUAGE_STANDARD = gnu17;
				GCC_DYNAMIC_NO_PIC = NO;
				GCC_NO_COMMON_BLOCKS = YES;
				GCC_OPTIMIZATION_LEVEL = 0;
				GCC_PREPROCESSOR_DEFINITIONS = (
					"DEBUG=1",
					"$(inherited)",
				);
				GCC_WARN_64_TO_32_BIT_CONVERSION = YES;
				GCC_WARN_ABOUT_RETURN_TYPE = YES_ERROR;
				GCC_WARN_UNDECLARED_SELECTOR = YES;
				GCC_WARN_UNINITIALIZED_AUTOS = YES_AGGRESSIVE;
				GCC_WARN_UNUSED_FUNCTION = YES;
				GCC_WARN_UNUSED_VARIABLE = YES;
				LOCALIZATION_PREFERS_STRING_CATALOGS = YES;
				MACOSX_DEPLOYMENT_TARGET = 26.2;
				MTL_ENABLE_DEBUG_INFO = INCLUDE_SOURCE;
				MTL_FAST_MATH = YES;
				ONLY_ACTIVE_ARCH = YES;
				SDKROOT = macosx;
				SWIFT_ACTIVE_COMPILATION_CONDITIONS = "DEBUG $(inherited)";
				SWIFT_OPTIMIZATION_LEVEL = "-Onone";
			};
			name = Debug;
		};
		BCFE6C582F11ADF7005DFE64 /* Release */ = {
			isa = XCBuildConfiguration;
			buildSettings = {
				ALWAYS_SEARCH_USER_PATHS = NO;
				ASSETCATALOG_COMPILER_GENERATE_SWIFT_ASSET_SYMBOL_EXTENSIONS = YES;
				CLANG_ANALYZER_NONNULL = YES;
				CLANG_ANALYZER_NUMBER_OBJECT_CONVERSION = YES_AGGRESSIVE;
				CLANG_CXX_LANGUAGE_STANDARD = "gnu++20";
				CLANG_ENABLE_MODULES = YES;
				CLANG_ENABLE_OBJC_ARC = YES;
				CLANG_ENABLE_OBJC_WEAK = YES;
				CLANG_WARN_BLOCK_CAPTURE_AUTORELEASING = YES;
				CLANG_WARN_BOOL_CONVERSION = YES;
				CLANG_WARN_COMMA = YES;
				CLANG_WARN_CONSTANT_CONVERSION = YES;
				CLANG_WARN_DEPRECATED_OBJC_IMPLEMENTATIONS = YES;
				CLANG_WARN_DIRECT_OBJC_ISA_USAGE = YES_ERROR;
				CLANG_WARN_DOCUMENTATION_COMMENTS = YES;
				CLANG_WARN_EMPTY_BODY = YES;
				CLANG_WARN_ENUM_CONVERSION = YES;
				CLANG_WARN_INFINITE_RECURSION = YES;
				CLANG_WARN_INT_CONVERSION = YES;
				CLANG_WARN_NON_LITERAL_NULL_CONVERSION = YES;
				CLANG_WARN_OBJC_IMPLICIT_RETAIN_SELF = YES;
				CLANG_WARN_OBJC_LITERAL_CONVERSION = YES;
				CLANG_WARN_OBJC_ROOT_CLASS = YES_ERROR;
				CLANG_WARN_QUOTED_INCLUDE_IN_FRAMEWORK_HEADER = YES;
				CLANG_WARN_RANGE_LOOP_ANALYSIS = YES;
				CLANG_WARN_STRICT_PROTOTYPES = YES;
				CLANG_WARN_SUSPICIOUS_MOVE = YES;
				CLANG_WARN_UNGUARDED_AVAILABILITY = YES_AGGRESSIVE;
				CLANG_WARN_UNREACHABLE_CODE = YES;
				CLANG_WARN__DUPLICATE_METHOD_MATCH = YES;
				COPY_PHASE_STRIP = NO;
				DEBUG_INFORMATION_FORMAT = "dwarf-with-dsym";
				DEVELOPMENT_TEAM = LHZ4426ABB;
				ENABLE_NS_ASSERTIONS = NO;
				ENABLE_STRICT_OBJC_MSGSEND = YES;
				ENABLE_USER_SCRIPT_SANDBOXING = YES;
				GCC_C_LANGUAGE_STANDARD = gnu17;
				GCC_NO_COMMON_BLOCKS = YES;
				GCC_WARN_64_TO_32_BIT_CONVERSION = YES;
				GCC_WARN_ABOUT_RETURN_TYPE = YES_ERROR;
				GCC_WARN_UNDECLARED_SELECTOR = YES;
				GCC_WARN_UNINITIALIZED_AUTOS = YES_AGGRESSIVE;
				GCC_WARN_UNUSED_FUNCTION = YES;
				GCC_WARN_UNUSED_VARIABLE = YES;
				LOCALIZATION_PREFERS_STRING_CATALOGS = YES;
				MACOSX_DEPLOYMENT_TARGET = 26.2;
				MTL_ENABLE_DEBUG_INFO = NO;
				MTL_FAST_MATH = YES;
				SDKROOT = macosx;
				SWIFT_COMPILATION_MODE = wholemodule;
			};
			name = Release;
		};
		BCFE6C5A2F11ADF7005DFE64 /* Debug */ = {
			isa = XCBuildConfiguration;
			buildSettings = {
				ASSETCATALOG_COMPILER_APPICON_NAME = AppIcon;
				ASSETCATALOG_COMPILER_GLOBAL_ACCENT_COLOR_NAME = AccentColor;
				CODE_SIGN_STYLE = Automatic;
				COMBINE_HIDPI_IMAGES = YES;
				CURRENT_PROJECT_VERSION = 1;
				DEVELOPMENT_TEAM = LHZ4426ABB;
				ENABLE_APP_SANDBOX = YES;
				ENABLE_HARDENED_RUNTIME = YES;
				ENABLE_PREVIEWS = YES;
				ENABLE_USER_SELECTED_FILES = readonly;
				GENERATE_INFOPLIST_FILE = YES;
				INFOPLIST_KEY_NSHumanReadableCopyright = "";
				LD_RUNPATH_SEARCH_PATHS = (
					"$(inherited)",
					"@executable_path/../Frameworks",
				);
				LIBRARY_SEARCH_PATHS = (
					"$(inherited)",
					"$(PROJECT_DIR)/resources/osx-arm64/dependencies/exiftool-unix/t/images",
				);
				MARKETING_VERSION = 1.0;
				PRODUCT_BUNDLE_IDENTIFIER = nl.qdraw.starskydesktop;
				PRODUCT_NAME = "$(TARGET_NAME)";
				REGISTER_APP_GROUPS = YES;
				STRING_CATALOG_GENERATE_SYMBOLS = YES;
				SWIFT_APPROACHABLE_CONCURRENCY = YES;
				SWIFT_DEFAULT_ACTOR_ISOLATION = MainActor;
				SWIFT_EMIT_LOC_STRINGS = YES;
				SWIFT_UPCOMING_FEATURE_MEMBER_IMPORT_VISIBILITY = YES;
				SWIFT_VERSION = 5.0;
			};
			name = Debug;
		};
		BCFE6C5B2F11ADF7005DFE64 /* Release */ = {
			isa = XCBuildConfiguration;
			buildSettings = {
				ASSETCATALOG_COMPILER_APPICON_NAME = AppIcon;
				ASSETCATALOG_COMPILER_GLOBAL_ACCENT_COLOR_NAME = AccentColor;
				CODE_SIGN_STYLE = Automatic;
				COMBINE_HIDPI_IMAGES = YES;
				CURRENT_PROJECT_VERSION = 1;
				DEVELOPMENT_TEAM = LHZ4426ABB;
				ENABLE_APP_SANDBOX = YES;
				ENABLE_HARDENED_RUNTIME = YES;
				ENABLE_PREVIEWS = YES;
				ENABLE_USER_SELECTED_FILES = readonly;
				GENERATE_INFOPLIST_FILE = YES;
				INFOPLIST_KEY_NSHumanReadableCopyright = "";
				LD_RUNPATH_SEARCH_PATHS = (
					"$(inherited)",
					"@executable_path/../Frameworks",
				);
				LIBRARY_SEARCH_PATHS = (
					"$(inherited)",
					"$(PROJECT_DIR)/resources/osx-arm64/dependencies/exiftool-unix/t/images",
				);
				MARKETING_VERSION = 1.0;
				PRODUCT_BUNDLE_IDENTIFIER = nl.qdraw.starskydesktop;
				PRODUCT_NAME = "$(TARGET_NAME)";
				REGISTER_APP_GROUPS = YES;
				STRING_CATALOG_GENERATE_SYMBOLS = YES;
				SWIFT_APPROACHABLE_CONCURRENCY = YES;
				SWIFT_DEFAULT_ACTOR_ISOLATION = MainActor;
				SWIFT_EMIT_LOC_STRINGS = YES;
				SWIFT_UPCOMING_FEATURE_MEMBER_IMPORT_VISIBILITY = YES;
				SWIFT_VERSION = 5.0;
			};
			name = Release;
		};
		BCFE6C5D2F11ADF7005DFE64 /* Debug */ = {
			isa = XCBuildConfiguration;
			buildSettings = {
				BUNDLE_LOADER = "$(TEST_HOST)";
				CODE_SIGN_STYLE = Automatic;
				CURRENT_PROJECT_VERSION = 1;
				DEVELOPMENT_TEAM = LHZ4426ABB;
				GENERATE_INFOPLIST_FILE = YES;
				MACOSX_DEPLOYMENT_TARGET = 26.2;
				MARKETING_VERSION = 1.0;
				PRODUCT_BUNDLE_IDENTIFIER = nl.qdraw.starskydesktopTests;
				PRODUCT_NAME = "$(TARGET_NAME)";
				STRING_CATALOG_GENERATE_SYMBOLS = NO;
				SWIFT_APPROACHABLE_CONCURRENCY = YES;
				SWIFT_EMIT_LOC_STRINGS = NO;
				SWIFT_UPCOMING_FEATURE_MEMBER_IMPORT_VISIBILITY = YES;
				SWIFT_VERSION = 5.0;
				TEST_HOST = "$(BUILT_PRODUCTS_DIR)/starskydesktop.app/$(BUNDLE_EXECUTABLE_FOLDER_PATH)/starskydesktop";
			};
			name = Debug;
		};
		BCFE6C5E2F11ADF7005DFE64 /* Release */ = {
			isa = XCBuildConfiguration;
			buildSettings = {
				BUNDLE_LOADER = "$(TEST_HOST)";
				CODE_SIGN_STYLE = Automatic;
				CURRENT_PROJECT_VERSION = 1;
				DEVELOPMENT_TEAM = LHZ4426ABB;
				GENERATE_INFOPLIST_FILE = YES;
				MACOSX_DEPLOYMENT_TARGET = 26.2;
				MARKETING_VERSION = 1.0;
				PRODUCT_BUNDLE_IDENTIFIER = nl.qdraw.starskydesktopTests;
				PRODUCT_NAME = "$(TARGET_NAME)";
				STRING_CATALOG_GENERATE_SYMBOLS = NO;
				SWIFT_APPROACHABLE_CONCURRENCY = YES;
				SWIFT_EMIT_LOC_STRINGS = NO;
				SWIFT_UPCOMING_FEATURE_MEMBER_IMPORT_VISIBILITY = YES;
				SWIFT_VERSION = 5.0;
				TEST_HOST = "$(BUILT_PRODUCTS_DIR)/starskydesktop.app/$(BUNDLE_EXECUTABLE_FOLDER_PATH)/starskydesktop";
			};
			name = Release;
		};
		BCFE6C602F11ADF7005DFE64 /* Debug */ = {
			isa = XCBuildConfiguration;
			buildSettings = {
				CODE_SIGN_STYLE = Automatic;
				CURRENT_PROJECT_VERSION = 1;
				DEVELOPMENT_TEAM = LHZ4426ABB;
				GENERATE_INFOPLIST_FILE = YES;
				MARKETING_VERSION = 1.0;
				PRODUCT_BUNDLE_IDENTIFIER = nl.qdraw.starskydesktopUITests;
				PRODUCT_NAME = "$(TARGET_NAME)";
				STRING_CATALOG_GENERATE_SYMBOLS = NO;
				SWIFT_APPROACHABLE_CONCURRENCY = YES;
				SWIFT_EMIT_LOC_STRINGS = NO;
				SWIFT_UPCOMING_FEATURE_MEMBER_IMPORT_VISIBILITY = YES;
				SWIFT_VERSION = 5.0;
				TEST_TARGET_NAME = starskydesktop;
			};
			name = Debug;
		};
		BCFE6C612F11ADF7005DFE64 /* Release */ = {
			isa = XCBuildConfiguration;
			buildSettings = {
				CODE_SIGN_STYLE = Automatic;
				CURRENT_PROJECT_VERSION = 1;
				DEVELOPMENT_TEAM = LHZ4426ABB;
				GENERATE_INFOPLIST_FILE = YES;
				MARKETING_VERSION = 1.0;
				PRODUCT_BUNDLE_IDENTIFIER = nl.qdraw.starskydesktopUITests;
				PRODUCT_NAME = "$(TARGET_NAME)";
				STRING_CATALOG_GENERATE_SYMBOLS = NO;
				SWIFT_APPROACHABLE_CONCURRENCY = YES;
				SWIFT_EMIT_LOC_STRINGS = NO;
				SWIFT_UPCOMING_FEATURE_MEMBER_IMPORT_VISIBILITY = YES;
				SWIFT_VERSION = 5.0;
				TEST_TARGET_NAME = starskydesktop;
			};
			name = Release;
		};
/* End XCBuildConfiguration section */

/* Begin XCConfigurationList section */
		BCFE6C332F11ADF6005DFE64 /* Build configuration list for PBXProject "starskydesktop" */ = {
			isa = XCConfigurationList;
			buildConfigurations = (
				BCFE6C572F11ADF7005DFE64 /* Debug */,
				BCFE6C582F11ADF7005DFE64 /* Release */,
			);
			defaultConfigurationIsVisible = 0;
			defaultConfigurationName = Release;
		};
		BCFE6C592F11ADF7005DFE64 /* Build configuration list for PBXNativeTarget "starskydesktop" */ = {
			isa = XCConfigurationList;
			buildConfigurations = (
				BCFE6C5A2F11ADF7005DFE64 /* Debug */,
				BCFE6C5B2F11ADF7005DFE64 /* Release */,
			);
			defaultConfigurationIsVisible = 0;
			defaultConfigurationName = Release;
		};
		BCFE6C5C2F11ADF7005DFE64 /* Build configuration list for PBXNativeTarget "starskydesktopTests" */ = {
			isa = XCConfigurationList;
			buildConfigurations = (
				BCFE6C5D2F11ADF7005DFE64 /* Debug */,
				BCFE6C5E2F11ADF7005DFE64 /* Release */,
			);
			defaultConfigurationIsVisible = 0;
			defaultConfigurationName = Release;
		};
		BCFE6C5F2F11ADF7005DFE64 /* Build configuration list for PBXNativeTarget "starskydesktopUITests" */ = {
			isa = XCConfigurationList;
			buildConfigurations = (
				BCFE6C602F11ADF7005DFE64 /* Debug */,
				BCFE6C612F11ADF7005DFE64 /* Release */,
			);
			defaultConfigurationIsVisible = 0;
			defaultConfigurationName = Release;
		};
/* End XCConfigurationList section */
	};
	rootObject = BCFE6C302F11ADF6005DFE64 /* Project object */;
}
