{
  "name": "docs",
  "version": "0.5.0-beta.7",
  "lockfileVersion": 2,
  "requires": true,
  "packages": {
    "": {
      "name": "docs",
      "version": "0.5.0-beta.7",
      "license": "ISC",
      "dependencies": {
        "marked": "^4.0.18"
      }
    },
    "node_modules/marked": {
      "version": "4.0.18",
      "resolved": "https://registry.npmjs.org/marked/-/marked-4.0.18.tgz",
      "integrity": "sha512-wbLDJ7Zh0sqA0Vdg6aqlbT+yPxqLblpAZh1mK2+AO2twQkPywvvqQNfEPVwSSRjZ7dZcdeVBIAgiO7MMp3Dszw==",
      "bin": {
        "marked": "bin/marked.js"
      },
      "engines": {
        "node": ">= 12"
      }
    }
  },
  "dependencies": {
    "marked": {
      "version": "4.0.18",
      "resolved": "https://registry.npmjs.org/marked/-/marked-4.0.18.tgz",
      "integrity": "sha512-wbLDJ7Zh0sqA0Vdg6aqlbT+yPxqLblpAZh1mK2+AO2twQkPywvvqQNfEPVwSSRjZ7dZcdeVBIAgiO7MMp3Dszw=="
    }
  }
}
