{
  "name": "docs",
  "version": "0.5.0-beta.0",
  "lockfileVersion": 2,
  "requires": true,
  "packages": {
    "": {
      "name": "docs",
      "version": "0.5.0-beta.0",
      "license": "ISC",
      "dependencies": {
        "marked": "^4.0.8"
      }
    },
    "node_modules/marked": {
      "version": "4.0.8",
      "resolved": "https://registry.npmjs.org/marked/-/marked-4.0.8.tgz",
      "integrity": "sha512-dkpJMIlJpc833hbjjg8jraw1t51e/eKDoG8TFOgc5O0Z77zaYKigYekTDop5AplRoKFGIaoazhYEhGkMtU3IeA==",
      "bin": {
        "marked": "bin/marked.js"
      },
      "engines": {
        "node": ">= 12"
      }
    }
  },
  "dependencies": {
    "marked": {
      "version": "4.0.8",
      "resolved": "https://registry.npmjs.org/marked/-/marked-4.0.8.tgz",
      "integrity": "sha512-dkpJMIlJpc833hbjjg8jraw1t51e/eKDoG8TFOgc5O0Z77zaYKigYekTDop5AplRoKFGIaoazhYEhGkMtU3IeA=="
    }
  }
}
