
Microsoft Visual Studio Solution File, Format Version 12.00
# Visual Studio 15
VisualStudioVersion = 15.0.28307.271
MinimumVisualStudioVersion = 10.0.40219.1
Project("{FAE04EC0-301F-11D3-BF4B-00C04F79EFBC}") = "starskySyncNetFrameworkCli", "starskySyncNetFrameworkCli\starskySyncNetFrameworkCli.csproj", "{6E4084C5-5B24-45E5-8D99-4159AF11E3AE}"
EndProject
Project("{9A19103F-16F7-4668-BE54-9A1E7A4F7556}") = "starskycore", "..\starsky\starskycore\starskycore.csproj", "{11E98077-F12D-4F4A-A6A2-29A1B72D2757}"
EndProject
Project("{FAE04EC0-301F-11D3-BF4B-00C04F79EFBC}") = "starskyImporterNetFrameworkCli", "starskyImporterNetFrameworkCli\starskyImporterNetFrameworkCli.csproj", "{4931AE69-2B61-43AD-B7C7-8B322ABC0C6B}"
EndProject
Project("{FAE04EC0-301F-11D3-BF4B-00C04F79EFBC}") = "starsky.feature.import", "..\starsky\starsky.feature.import\starsky.feature.import.csproj", "{E9C60BF0-09B6-40C9-95B5-25C7A185365E}"
EndProject
Project("{2150E333-8FDC-42A3-9474-1A3956D46DE8}") = "starsky.ref", "starsky.ref", "{41C73FC4-D83B-4A35-9F34-33A0FB040D1A}"
EndProject
Project("{FAE04EC0-301F-11D3-BF4B-00C04F79EFBC}") = "starsky.foundation.database", "..\starsky\starsky.foundation.database\starsky.foundation.database.csproj", "{46588BF9-D745-460D-A22D-D8FDFC698809}"
EndProject
Project("{FAE04EC0-301F-11D3-BF4B-00C04F79EFBC}") = "starsky.foundation.platform", "..\starsky\starsky.foundation.platform\starsky.foundation.platform.csproj", "{10A49647-83AB-43C4-A3FF-8B0767518023}"
EndProject
Project("{FAE04EC0-301F-11D3-BF4B-00C04F79EFBC}") = "starsky.foundation.writemeta", "..\starsky\starsky.foundation.writemeta\starsky.foundation.writemeta.csproj", "{BC265F9E-E0F1-46DA-9C40-0BABE44DE9EE}"
EndProject
Project("{2150E333-8FDC-42A3-9474-1A3956D46DE8}") = "Feature", "Feature", "{0E2F5097-13A9-4F61-9664-9C501F23F31A}"
EndProject
Project("{2150E333-8FDC-42A3-9474-1A3956D46DE8}") = "Foundation", "Foundation", "{DD19F560-82EF-434D-9087-72F911FC7EFC}"
EndProject
Project("{FAE04EC0-301F-11D3-BF4B-00C04F79EFBC}") = "starsky.foundation.injection", "..\starsky\starsky.foundation.injection\starsky.foundation.injection.csproj", "{E1753943-96A7-4DEE-AFC3-234C1C83B8A3}"
EndProject
Project("{2150E333-8FDC-42A3-9474-1A3956D46DE8}") = "Project", "Project", "{A694F090-50AC-4B30-9D3D-EDDDA2F3EB77}"
EndProject
Project("{FAE04EC0-301F-11D3-BF4B-00C04F79EFBC}") = "starsky.foundation.storage", "..\starsky\starsky.foundation.storage\starsky.foundation.storage.csproj", "{12F5AE66-8D7F-4D81-86C5-E3E3864F44A1}"
EndProject
Project("{FAE04EC0-301F-11D3-BF4B-00C04F79EFBC}") = "starsky.foundation.thumbnailgeneration", "..\starsky\starsky.foundation.thumbnailgeneration\starsky.foundation.thumbnailgeneration.csproj", "{4B3990C9-171B-4D53-A821-F458E8AC072F}"
EndProject
Project("{FAE04EC0-301F-11D3-BF4B-00C04F79EFBC}") = "starsky.foundation.readmeta", "..\starsky\starsky.foundation.readmeta\starsky.foundation.readmeta.csproj", "{82BA730F-0ACA-470D-AD0E-AF046D422F8C}"
EndProject
Project("{FAE04EC0-301F-11D3-BF4B-00C04F79EFBC}") = "starsky.foundation.http", "..\starsky\starsky.foundation.http\starsky.foundation.http.csproj", "{60193D91-0D92-4FC2-B469-D7691CB0E986}"
EndProject
Global
	GlobalSection(SolutionConfigurationPlatforms) = preSolution
		Debug|Any CPU = Debug|Any CPU
		Release|Any CPU = Release|Any CPU
	EndGlobalSection
	GlobalSection(ProjectConfigurationPlatforms) = postSolution
		{6E4084C5-5B24-45E5-8D99-4159AF11E3AE}.Debug|Any CPU.ActiveCfg = Debug|Any CPU
		{6E4084C5-5B24-45E5-8D99-4159AF11E3AE}.Debug|Any CPU.Build.0 = Debug|Any CPU
		{6E4084C5-5B24-45E5-8D99-4159AF11E3AE}.Release|Any CPU.ActiveCfg = Release|Any CPU
		{6E4084C5-5B24-45E5-8D99-4159AF11E3AE}.Release|Any CPU.Build.0 = Release|Any CPU
		{11E98077-F12D-4F4A-A6A2-29A1B72D2757}.Debug|Any CPU.ActiveCfg = Debug|Any CPU
		{11E98077-F12D-4F4A-A6A2-29A1B72D2757}.Debug|Any CPU.Build.0 = Debug|Any CPU
		{11E98077-F12D-4F4A-A6A2-29A1B72D2757}.Release|Any CPU.ActiveCfg = Release|Any CPU
		{11E98077-F12D-4F4A-A6A2-29A1B72D2757}.Release|Any CPU.Build.0 = Release|Any CPU
		{4931AE69-2B61-43AD-B7C7-8B322ABC0C6B}.Debug|Any CPU.ActiveCfg = Debug|Any CPU
		{4931AE69-2B61-43AD-B7C7-8B322ABC0C6B}.Debug|Any CPU.Build.0 = Debug|Any CPU
		{4931AE69-2B61-43AD-B7C7-8B322ABC0C6B}.Release|Any CPU.ActiveCfg = Release|Any CPU
		{4931AE69-2B61-43AD-B7C7-8B322ABC0C6B}.Release|Any CPU.Build.0 = Release|Any CPU
		{E9C60BF0-09B6-40C9-95B5-25C7A185365E}.Debug|Any CPU.ActiveCfg = Debug|Any CPU
		{E9C60BF0-09B6-40C9-95B5-25C7A185365E}.Debug|Any CPU.Build.0 = Debug|Any CPU
		{E9C60BF0-09B6-40C9-95B5-25C7A185365E}.Release|Any CPU.ActiveCfg = Release|Any CPU
		{E9C60BF0-09B6-40C9-95B5-25C7A185365E}.Release|Any CPU.Build.0 = Release|Any CPU
		{10A49647-83AB-43C4-A3FF-8B0767518023}.Debug|Any CPU.ActiveCfg = Debug|Any CPU
		{10A49647-83AB-43C4-A3FF-8B0767518023}.Debug|Any CPU.Build.0 = Debug|Any CPU
		{10A49647-83AB-43C4-A3FF-8B0767518023}.Release|Any CPU.ActiveCfg = Release|Any CPU
		{10A49647-83AB-43C4-A3FF-8B0767518023}.Release|Any CPU.Build.0 = Release|Any CPU
		{BC265F9E-E0F1-46DA-9C40-0BABE44DE9EE}.Debug|Any CPU.ActiveCfg = Debug|Any CPU
		{BC265F9E-E0F1-46DA-9C40-0BABE44DE9EE}.Debug|Any CPU.Build.0 = Debug|Any CPU
		{BC265F9E-E0F1-46DA-9C40-0BABE44DE9EE}.Release|Any CPU.ActiveCfg = Release|Any CPU
		{BC265F9E-E0F1-46DA-9C40-0BABE44DE9EE}.Release|Any CPU.Build.0 = Release|Any CPU
		{E1753943-96A7-4DEE-AFC3-234C1C83B8A3}.Debug|Any CPU.ActiveCfg = Debug|Any CPU
		{E1753943-96A7-4DEE-AFC3-234C1C83B8A3}.Debug|Any CPU.Build.0 = Debug|Any CPU
		{E1753943-96A7-4DEE-AFC3-234C1C83B8A3}.Release|Any CPU.ActiveCfg = Release|Any CPU
		{E1753943-96A7-4DEE-AFC3-234C1C83B8A3}.Release|Any CPU.Build.0 = Release|Any CPU
		{12F5AE66-8D7F-4D81-86C5-E3E3864F44A1}.Debug|Any CPU.ActiveCfg = Debug|Any CPU
		{12F5AE66-8D7F-4D81-86C5-E3E3864F44A1}.Debug|Any CPU.Build.0 = Debug|Any CPU
		{12F5AE66-8D7F-4D81-86C5-E3E3864F44A1}.Release|Any CPU.ActiveCfg = Release|Any CPU
		{12F5AE66-8D7F-4D81-86C5-E3E3864F44A1}.Release|Any CPU.Build.0 = Release|Any CPU
		{4B3990C9-171B-4D53-A821-F458E8AC072F}.Debug|Any CPU.ActiveCfg = Debug|Any CPU
		{4B3990C9-171B-4D53-A821-F458E8AC072F}.Debug|Any CPU.Build.0 = Debug|Any CPU
		{4B3990C9-171B-4D53-A821-F458E8AC072F}.Release|Any CPU.ActiveCfg = Release|Any CPU
		{4B3990C9-171B-4D53-A821-F458E8AC072F}.Release|Any CPU.Build.0 = Release|Any CPU
		{82BA730F-0ACA-470D-AD0E-AF046D422F8C}.Debug|Any CPU.ActiveCfg = Debug|Any CPU
		{82BA730F-0ACA-470D-AD0E-AF046D422F8C}.Debug|Any CPU.Build.0 = Debug|Any CPU
		{82BA730F-0ACA-470D-AD0E-AF046D422F8C}.Release|Any CPU.ActiveCfg = Release|Any CPU
		{82BA730F-0ACA-470D-AD0E-AF046D422F8C}.Release|Any CPU.Build.0 = Release|Any CPU
		{60193D91-0D92-4FC2-B469-D7691CB0E986}.Debug|Any CPU.ActiveCfg = Debug|Any CPU
		{60193D91-0D92-4FC2-B469-D7691CB0E986}.Debug|Any CPU.Build.0 = Debug|Any CPU
		{60193D91-0D92-4FC2-B469-D7691CB0E986}.Release|Any CPU.ActiveCfg = Release|Any CPU
		{60193D91-0D92-4FC2-B469-D7691CB0E986}.Release|Any CPU.Build.0 = Release|Any CPU
	EndGlobalSection
	GlobalSection(SolutionProperties) = preSolution
		HideSolutionNode = FALSE
	EndGlobalSection
	GlobalSection(ExtensibilityGlobals) = postSolution
		SolutionGuid = {BE68D644-E212-42C0-B77F-C5159D6A6A24}
	EndGlobalSection
	GlobalSection(NestedProjects) = preSolution
		{0E2F5097-13A9-4F61-9664-9C501F23F31A} = {41C73FC4-D83B-4A35-9F34-33A0FB040D1A}
		{E9C60BF0-09B6-40C9-95B5-25C7A185365E} = {0E2F5097-13A9-4F61-9664-9C501F23F31A}
		{DD19F560-82EF-434D-9087-72F911FC7EFC} = {41C73FC4-D83B-4A35-9F34-33A0FB040D1A}
		{46588BF9-D745-460D-A22D-D8FDFC698809} = {DD19F560-82EF-434D-9087-72F911FC7EFC}
		{10A49647-83AB-43C4-A3FF-8B0767518023} = {DD19F560-82EF-434D-9087-72F911FC7EFC}
		{BC265F9E-E0F1-46DA-9C40-0BABE44DE9EE} = {DD19F560-82EF-434D-9087-72F911FC7EFC}
		{E1753943-96A7-4DEE-AFC3-234C1C83B8A3} = {DD19F560-82EF-434D-9087-72F911FC7EFC}
		{A694F090-50AC-4B30-9D3D-EDDDA2F3EB77} = {41C73FC4-D83B-4A35-9F34-33A0FB040D1A}
		{11E98077-F12D-4F4A-A6A2-29A1B72D2757} = {A694F090-50AC-4B30-9D3D-EDDDA2F3EB77}
		{12F5AE66-8D7F-4D81-86C5-E3E3864F44A1} = {DD19F560-82EF-434D-9087-72F911FC7EFC}
		{4B3990C9-171B-4D53-A821-F458E8AC072F} = {DD19F560-82EF-434D-9087-72F911FC7EFC}
		{82BA730F-0ACA-470D-AD0E-AF046D422F8C} = {DD19F560-82EF-434D-9087-72F911FC7EFC}
		{60193D91-0D92-4FC2-B469-D7691CB0E986} = {DD19F560-82EF-434D-9087-72F911FC7EFC}
	EndGlobalSection
EndGlobal
