
Microsoft Visual Studio Solution File, Format Version 12.00
# Visual Studio 15
Project("{FAE04EC0-301F-11D3-BF4B-00C04F79EFBC}") = "starskycore", "..\starsky\starskycore\starskycore.csproj", "{C1F0AF32-30AF-461A-9D27-1454A7594DF7}"
EndProject
Project("{FAE04EC0-301F-11D3-BF4B-00C04F79EFBC}") = "starskyimportercliFramework", "starskyimportercliFramework\starskyimportercliFramework.csproj", "{4136967E-C642-43A0-BAEB-04A718530F7D}"
EndProject
Project("{FAE04EC0-301F-11D3-BF4B-00C04F79EFBC}") = "starskySyncFramework", "starskySyncFramework\starskySyncFramework.csproj", "{F29DF5B7-DF59-4BA3-AEAA-2419DDAF54AE}"
EndProject
Global
	GlobalSection(SolutionConfigurationPlatforms) = preSolution
		Debug|Any CPU = Debug|Any CPU
		Release|Any CPU = Release|Any CPU
	EndGlobalSection
	GlobalSection(ProjectConfigurationPlatforms) = postSolution
		{C1F0AF32-30AF-461A-9D27-1454A7594DF7}.Debug|Any CPU.ActiveCfg = Debug|Any CPU
		{C1F0AF32-30AF-461A-9D27-1454A7594DF7}.Debug|Any CPU.Build.0 = Debug|Any CPU
		{C1F0AF32-30AF-461A-9D27-1454A7594DF7}.Release|Any CPU.ActiveCfg = Release|Any CPU
		{C1F0AF32-30AF-461A-9D27-1454A7594DF7}.Release|Any CPU.Build.0 = Release|Any CPU
		{4136967E-C642-43A0-BAEB-04A718530F7D}.Debug|Any CPU.ActiveCfg = Debug|Any CPU
		{4136967E-C642-43A0-BAEB-04A718530F7D}.Debug|Any CPU.Build.0 = Debug|Any CPU
		{4136967E-C642-43A0-BAEB-04A718530F7D}.Release|Any CPU.ActiveCfg = Release|Any CPU
		{4136967E-C642-43A0-BAEB-04A718530F7D}.Release|Any CPU.Build.0 = Release|Any CPU
	EndGlobalSection
EndGlobal
