
Microsoft Visual Studio Solution File, Format Version 12.00
# Visual Studio 15
VisualStudioVersion = 15.0.28307.271
MinimumVisualStudioVersion = 10.0.40219.1
Project("{FAE04EC0-301F-11D3-BF4B-00C04F79EFBC}") = "starskySyncNetFrameworkCli", "starskySyncNetFrameworkCli\starskySyncNetFrameworkCli.csproj", "{6E4084C5-5B24-45E5-8D99-4159AF11E3AE}"
EndProject
Project("{9A19103F-16F7-4668-BE54-9A1E7A4F7556}") = "starskycore", "..\starsky\starskycore\starskycore.csproj", "{11E98077-F12D-4F4A-A6A2-29A1B72D2757}"
EndProject
Project("{FAE04EC0-301F-11D3-BF4B-00C04F79EFBC}") = "starskyNetFrameworkShared", "starskyNetFrameworkShared\starskyNetFrameworkShared.csproj", "{F2F01AC7-08EF-4689-976E-17A3DE2773F4}"
EndProject
Project("{FAE04EC0-301F-11D3-BF4B-00C04F79EFBC}") = "starskyImporterNetFrameworkCli", "starskyImporterNetFrameworkCli\starskyImporterNetFrameworkCli.csproj", "{4931AE69-2B61-43AD-B7C7-8B322ABC0C6B}"
EndProject
Project("{FAE04EC0-301F-11D3-BF4B-00C04F79EFBC}") = "starsky.feature.import", "..\starsky\starsky.feature.import\starsky.feature.import.csproj", "{E9C60BF0-09B6-40C9-95B5-25C7A185365E}"
EndProject
Global
	GlobalSection(SolutionConfigurationPlatforms) = preSolution
		Debug|Any CPU = Debug|Any CPU
		Release|Any CPU = Release|Any CPU
	EndGlobalSection
	GlobalSection(ProjectConfigurationPlatforms) = postSolution
		{6E4084C5-5B24-45E5-8D99-4159AF11E3AE}.Debug|Any CPU.ActiveCfg = Debug|Any CPU
		{6E4084C5-5B24-45E5-8D99-4159AF11E3AE}.Debug|Any CPU.Build.0 = Debug|Any CPU
		{6E4084C5-5B24-45E5-8D99-4159AF11E3AE}.Release|Any CPU.ActiveCfg = Release|Any CPU
		{6E4084C5-5B24-45E5-8D99-4159AF11E3AE}.Release|Any CPU.Build.0 = Release|Any CPU
		{11E98077-F12D-4F4A-A6A2-29A1B72D2757}.Debug|Any CPU.ActiveCfg = Debug|Any CPU
		{11E98077-F12D-4F4A-A6A2-29A1B72D2757}.Debug|Any CPU.Build.0 = Debug|Any CPU
		{11E98077-F12D-4F4A-A6A2-29A1B72D2757}.Release|Any CPU.ActiveCfg = Release|Any CPU
		{11E98077-F12D-4F4A-A6A2-29A1B72D2757}.Release|Any CPU.Build.0 = Release|Any CPU
		{F2F01AC7-08EF-4689-976E-17A3DE2773F4}.Debug|Any CPU.ActiveCfg = Debug|Any CPU
		{F2F01AC7-08EF-4689-976E-17A3DE2773F4}.Debug|Any CPU.Build.0 = Debug|Any CPU
		{F2F01AC7-08EF-4689-976E-17A3DE2773F4}.Release|Any CPU.ActiveCfg = Release|Any CPU
		{F2F01AC7-08EF-4689-976E-17A3DE2773F4}.Release|Any CPU.Build.0 = Release|Any CPU
		{4931AE69-2B61-43AD-B7C7-8B322ABC0C6B}.Debug|Any CPU.ActiveCfg = Debug|Any CPU
		{4931AE69-2B61-43AD-B7C7-8B322ABC0C6B}.Debug|Any CPU.Build.0 = Debug|Any CPU
		{4931AE69-2B61-43AD-B7C7-8B322ABC0C6B}.Release|Any CPU.ActiveCfg = Release|Any CPU
		{4931AE69-2B61-43AD-B7C7-8B322ABC0C6B}.Release|Any CPU.Build.0 = Release|Any CPU
		{E9C60BF0-09B6-40C9-95B5-25C7A185365E}.Debug|Any CPU.ActiveCfg = Debug|Any CPU
		{E9C60BF0-09B6-40C9-95B5-25C7A185365E}.Debug|Any CPU.Build.0 = Debug|Any CPU
		{E9C60BF0-09B6-40C9-95B5-25C7A185365E}.Release|Any CPU.ActiveCfg = Release|Any CPU
		{E9C60BF0-09B6-40C9-95B5-25C7A185365E}.Release|Any CPU.Build.0 = Release|Any CPU
	EndGlobalSection
	GlobalSection(SolutionProperties) = preSolution
		HideSolutionNode = FALSE
	EndGlobalSection
	GlobalSection(ExtensibilityGlobals) = postSolution
		SolutionGuid = {BE68D644-E212-42C0-B77F-C5159D6A6A24}
	EndGlobalSection
EndGlobal
